// !$*UTF8*$!
{
	archiveVersion = 1;
	classes = {
	};
	objectVersion = 46;
	objects = {

/* Begin PBXBuildFile section */
		F77021DA1D26EB9D00CEFFF5 /* TTTBoard.swift in Sources */ = {isa = PBXBuildFile; fileRef = F77021D61D26EB9D00CEFFF5 /* TTTBoard.swift */; };
		F77021DB1D26EB9D00CEFFF5 /* TTTModel.swift in Sources */ = {isa = PBXBuildFile; fileRef = F77021D71D26EB9D00CEFFF5 /* TTTModel.swift */; };
		F77021DC1D26EB9D00CEFFF5 /* TTTMove.swift in Sources */ = {isa = PBXBuildFile; fileRef = F77021D81D26EB9D00CEFFF5 /* TTTMove.swift */; };
		F77021DD1D26EB9D00CEFFF5 /* TTTPlayer.swift in Sources */ = {isa = PBXBuildFile; fileRef = F77021D91D26EB9D00CEFFF5 /* TTTPlayer.swift */; };
		F77021E11D26EBB600CEFFF5 /* ButtonNode.swift in Sources */ = {isa = PBXBuildFile; fileRef = F77021DE1D26EBB600CEFFF5 /* ButtonNode.swift */; };
		F77021E21D26EBB600CEFFF5 /* GlyphNode.swift in Sources */ = {isa = PBXBuildFile; fileRef = F77021DF1D26EBB600CEFFF5 /* GlyphNode.swift */; };
		F77021E31D26EBB600CEFFF5 /* PositionNode.swift in Sources */ = {isa = PBXBuildFile; fileRef = F77021E01D26EBB600CEFFF5 /* PositionNode.swift */; };
		F77021E41D26EBC500CEFFF5 /* ButtonNode.swift in Sources */ = {isa = PBXBuildFile; fileRef = F77021DE1D26EBB600CEFFF5 /* ButtonNode.swift */; };
		F77021E51D26EBC500CEFFF5 /* GlyphNode.swift in Sources */ = {isa = PBXBuildFile; fileRef = F77021DF1D26EBB600CEFFF5 /* GlyphNode.swift */; };
		F77021E61D26EBC500CEFFF5 /* PositionNode.swift in Sources */ = {isa = PBXBuildFile; fileRef = F77021E01D26EBB600CEFFF5 /* PositionNode.swift */; };
		F77021E71D26EBC500CEFFF5 /* ButtonNode.swift in Sources */ = {isa = PBXBuildFile; fileRef = F77021DE1D26EBB600CEFFF5 /* ButtonNode.swift */; };
		F77021E81D26EBC500CEFFF5 /* GlyphNode.swift in Sources */ = {isa = PBXBuildFile; fileRef = F77021DF1D26EBB600CEFFF5 /* GlyphNode.swift */; };
		F77021E91D26EBC500CEFFF5 /* PositionNode.swift in Sources */ = {isa = PBXBuildFile; fileRef = F77021E01D26EBB600CEFFF5 /* PositionNode.swift */; };
		F77021EA1D26EBC900CEFFF5 /* TTTBoard.swift in Sources */ = {isa = PBXBuildFile; fileRef = F77021D61D26EB9D00CEFFF5 /* TTTBoard.swift */; };
		F77021EB1D26EBC900CEFFF5 /* TTTModel.swift in Sources */ = {isa = PBXBuildFile; fileRef = F77021D71D26EB9D00CEFFF5 /* TTTModel.swift */; };
		F77021EC1D26EBC900CEFFF5 /* TTTMove.swift in Sources */ = {isa = PBXBuildFile; fileRef = F77021D81D26EB9D00CEFFF5 /* TTTMove.swift */; };
		F77021ED1D26EBC900CEFFF5 /* TTTPlayer.swift in Sources */ = {isa = PBXBuildFile; fileRef = F77021D91D26EB9D00CEFFF5 /* TTTPlayer.swift */; };
		F77021EE1D26EBC900CEFFF5 /* TTTBoard.swift in Sources */ = {isa = PBXBuildFile; fileRef = F77021D61D26EB9D00CEFFF5 /* TTTBoard.swift */; };
		F77021EF1D26EBC900CEFFF5 /* TTTModel.swift in Sources */ = {isa = PBXBuildFile; fileRef = F77021D71D26EB9D00CEFFF5 /* TTTModel.swift */; };
		F77021F01D26EBC900CEFFF5 /* TTTMove.swift in Sources */ = {isa = PBXBuildFile; fileRef = F77021D81D26EB9D00CEFFF5 /* TTTMove.swift */; };
		F77021F11D26EBC900CEFFF5 /* TTTPlayer.swift in Sources */ = {isa = PBXBuildFile; fileRef = F77021D91D26EB9D00CEFFF5 /* TTTPlayer.swift */; };
		F77021FB1D26EBF600CEFFF5 /* CheckBoardState.swift in Sources */ = {isa = PBXBuildFile; fileRef = F77021F21D26EBF600CEFFF5 /* CheckBoardState.swift */; };
		F77021FC1D26EBF600CEFFF5 /* GameOverState.swift in Sources */ = {isa = PBXBuildFile; fileRef = F77021F31D26EBF600CEFFF5 /* GameOverState.swift */; };
		F77021FD1D26EBF600CEFFF5 /* GameplayStateMachine.swift in Sources */ = {isa = PBXBuildFile; fileRef = F77021F41D26EBF600CEFFF5 /* GameplayStateMachine.swift */; };
		F77021FE1D26EBF600CEFFF5 /* MenuState.swift in Sources */ = {isa = PBXBuildFile; fileRef = F77021F51D26EBF600CEFFF5 /* MenuState.swift */; };
		F77021FF1D26EBF600CEFFF5 /* OnePlayerState.swift in Sources */ = {isa = PBXBuildFile; fileRef = F77021F61D26EBF600CEFFF5 /* OnePlayerState.swift */; };
		F77022001D26EBF600CEFFF5 /* PlayerOTurnState.swift in Sources */ = {isa = PBXBuildFile; fileRef = F77021F71D26EBF600CEFFF5 /* PlayerOTurnState.swift */; };
		F77022011D26EBF600CEFFF5 /* PlayerXTurnState.swift in Sources */ = {isa = PBXBuildFile; fileRef = F77021F81D26EBF600CEFFF5 /* PlayerXTurnState.swift */; };
		F77022021D26EBF600CEFFF5 /* SelectNextPlayerState.swift in Sources */ = {isa = PBXBuildFile; fileRef = F77021F91D26EBF600CEFFF5 /* SelectNextPlayerState.swift */; };
		F77022031D26EBF600CEFFF5 /* TwoPlayerState.swift in Sources */ = {isa = PBXBuildFile; fileRef = F77021FA1D26EBF600CEFFF5 /* TwoPlayerState.swift */; };
		F77022091D26EC6C00CEFFF5 /* GameScene.swift in Sources */ = {isa = PBXBuildFile; fileRef = F77022041D26EC6C00CEFFF5 /* GameScene.swift */; };
		F770220A1D26EC6C00CEFFF5 /* GameScene+Input.swift in Sources */ = {isa = PBXBuildFile; fileRef = F77022051D26EC6C00CEFFF5 /* GameScene+Input.swift */; };
		F770220C1D26EC6C00CEFFF5 /* MenuScene.swift in Sources */ = {isa = PBXBuildFile; fileRef = F77022071D26EC6C00CEFFF5 /* MenuScene.swift */; };
		F770220D1D26EC6C00CEFFF5 /* SceneManager.swift in Sources */ = {isa = PBXBuildFile; fileRef = F77022081D26EC6C00CEFFF5 /* SceneManager.swift */; };
		F77022101D26EC9300CEFFF5 /* GameButton.swift in Sources */ = {isa = PBXBuildFile; fileRef = F770220E1D26EC9300CEFFF5 /* GameButton.swift */; };
		F77022111D26EC9300CEFFF5 /* MenuButton.swift in Sources */ = {isa = PBXBuildFile; fileRef = F770220F1D26EC9300CEFFF5 /* MenuButton.swift */; };
		F77022121D26EC9A00CEFFF5 /* GameScene.swift in Sources */ = {isa = PBXBuildFile; fileRef = F77022041D26EC6C00CEFFF5 /* GameScene.swift */; };
		F77022131D26EC9A00CEFFF5 /* GameScene+Input.swift in Sources */ = {isa = PBXBuildFile; fileRef = F77022051D26EC6C00CEFFF5 /* GameScene+Input.swift */; };
		F77022141D26EC9A00CEFFF5 /* MenuScene.swift in Sources */ = {isa = PBXBuildFile; fileRef = F77022071D26EC6C00CEFFF5 /* MenuScene.swift */; };
		F77022151D26EC9A00CEFFF5 /* SceneManager.swift in Sources */ = {isa = PBXBuildFile; fileRef = F77022081D26EC6C00CEFFF5 /* SceneManager.swift */; };
		F77022161D26EC9A00CEFFF5 /* GameScene.swift in Sources */ = {isa = PBXBuildFile; fileRef = F77022041D26EC6C00CEFFF5 /* GameScene.swift */; };
		F77022171D26EC9A00CEFFF5 /* GameScene+Input.swift in Sources */ = {isa = PBXBuildFile; fileRef = F77022051D26EC6C00CEFFF5 /* GameScene+Input.swift */; };
		F77022181D26EC9A00CEFFF5 /* MenuScene.swift in Sources */ = {isa = PBXBuildFile; fileRef = F77022071D26EC6C00CEFFF5 /* MenuScene.swift */; };
		F77022191D26EC9A00CEFFF5 /* SceneManager.swift in Sources */ = {isa = PBXBuildFile; fileRef = F77022081D26EC6C00CEFFF5 /* SceneManager.swift */; };
		F770221A1D26EC9E00CEFFF5 /* CheckBoardState.swift in Sources */ = {isa = PBXBuildFile; fileRef = F77021F21D26EBF600CEFFF5 /* CheckBoardState.swift */; };
		F770221B1D26EC9E00CEFFF5 /* GameOverState.swift in Sources */ = {isa = PBXBuildFile; fileRef = F77021F31D26EBF600CEFFF5 /* GameOverState.swift */; };
		F770221C1D26EC9E00CEFFF5 /* GameplayStateMachine.swift in Sources */ = {isa = PBXBuildFile; fileRef = F77021F41D26EBF600CEFFF5 /* GameplayStateMachine.swift */; };
		F770221D1D26EC9E00CEFFF5 /* MenuState.swift in Sources */ = {isa = PBXBuildFile; fileRef = F77021F51D26EBF600CEFFF5 /* MenuState.swift */; };
		F770221E1D26EC9E00CEFFF5 /* OnePlayerState.swift in Sources */ = {isa = PBXBuildFile; fileRef = F77021F61D26EBF600CEFFF5 /* OnePlayerState.swift */; };
		F770221F1D26EC9E00CEFFF5 /* PlayerOTurnState.swift in Sources */ = {isa = PBXBuildFile; fileRef = F77021F71D26EBF600CEFFF5 /* PlayerOTurnState.swift */; };
		F77022201D26EC9E00CEFFF5 /* PlayerXTurnState.swift in Sources */ = {isa = PBXBuildFile; fileRef = F77021F81D26EBF600CEFFF5 /* PlayerXTurnState.swift */; };
		F77022211D26EC9E00CEFFF5 /* SelectNextPlayerState.swift in Sources */ = {isa = PBXBuildFile; fileRef = F77021F91D26EBF600CEFFF5 /* SelectNextPlayerState.swift */; };
		F77022221D26EC9E00CEFFF5 /* TwoPlayerState.swift in Sources */ = {isa = PBXBuildFile; fileRef = F77021FA1D26EBF600CEFFF5 /* TwoPlayerState.swift */; };
		F77022231D26EC9E00CEFFF5 /* CheckBoardState.swift in Sources */ = {isa = PBXBuildFile; fileRef = F77021F21D26EBF600CEFFF5 /* CheckBoardState.swift */; };
		F77022241D26EC9E00CEFFF5 /* GameOverState.swift in Sources */ = {isa = PBXBuildFile; fileRef = F77021F31D26EBF600CEFFF5 /* GameOverState.swift */; };
		F77022251D26EC9E00CEFFF5 /* GameplayStateMachine.swift in Sources */ = {isa = PBXBuildFile; fileRef = F77021F41D26EBF600CEFFF5 /* GameplayStateMachine.swift */; };
		F77022261D26EC9E00CEFFF5 /* MenuState.swift in Sources */ = {isa = PBXBuildFile; fileRef = F77021F51D26EBF600CEFFF5 /* MenuState.swift */; };
		F77022271D26EC9E00CEFFF5 /* OnePlayerState.swift in Sources */ = {isa = PBXBuildFile; fileRef = F77021F61D26EBF600CEFFF5 /* OnePlayerState.swift */; };
		F77022281D26EC9E00CEFFF5 /* PlayerOTurnState.swift in Sources */ = {isa = PBXBuildFile; fileRef = F77021F71D26EBF600CEFFF5 /* PlayerOTurnState.swift */; };
		F77022291D26EC9E00CEFFF5 /* PlayerXTurnState.swift in Sources */ = {isa = PBXBuildFile; fileRef = F77021F81D26EBF600CEFFF5 /* PlayerXTurnState.swift */; };
		F770222A1D26EC9E00CEFFF5 /* SelectNextPlayerState.swift in Sources */ = {isa = PBXBuildFile; fileRef = F77021F91D26EBF600CEFFF5 /* SelectNextPlayerState.swift */; };
		F770222B1D26EC9E00CEFFF5 /* TwoPlayerState.swift in Sources */ = {isa = PBXBuildFile; fileRef = F77021FA1D26EBF600CEFFF5 /* TwoPlayerState.swift */; };
		F770222C1D26ECA300CEFFF5 /* GameButton.swift in Sources */ = {isa = PBXBuildFile; fileRef = F770220E1D26EC9300CEFFF5 /* GameButton.swift */; };
		F770222D1D26ECA300CEFFF5 /* MenuButton.swift in Sources */ = {isa = PBXBuildFile; fileRef = F770220F1D26EC9300CEFFF5 /* MenuButton.swift */; };
		F770222E1D26ECA400CEFFF5 /* GameButton.swift in Sources */ = {isa = PBXBuildFile; fileRef = F770220E1D26EC9300CEFFF5 /* GameButton.swift */; };
		F770222F1D26ECA400CEFFF5 /* MenuButton.swift in Sources */ = {isa = PBXBuildFile; fileRef = F770220F1D26EC9300CEFFF5 /* MenuButton.swift */; };
		F786B4D21D21DEDA004706BC /* AppDelegate.swift in Sources */ = {isa = PBXBuildFile; fileRef = F786B4CD1D21DEDA004706BC /* AppDelegate.swift */; };
		F786B4D91D21DEF6004706BC /* MainMenu.xib in Resources */ = {isa = PBXBuildFile; fileRef = F786B4D71D21DEF6004706BC /* MainMenu.xib */; };
		F786B4E11D21DF18004706BC /* AppDelegate.swift in Sources */ = {isa = PBXBuildFile; fileRef = F786B4E01D21DF18004706BC /* AppDelegate.swift */; };
		F786B4E71D21DF18004706BC /* GameViewController.swift in Sources */ = {isa = PBXBuildFile; fileRef = F786B4E61D21DF18004706BC /* GameViewController.swift */; };
		F786B4EA1D21DF18004706BC /* Main.storyboard in Resources */ = {isa = PBXBuildFile; fileRef = F786B4E81D21DF18004706BC /* Main.storyboard */; };
		F786B4EF1D21DF18004706BC /* LaunchScreen.storyboard in Resources */ = {isa = PBXBuildFile; fileRef = F786B4ED1D21DF18004706BC /* LaunchScreen.storyboard */; };
		F786B4F81D21DF5B004706BC /* Assets.xcassets in Resources */ = {isa = PBXBuildFile; fileRef = F786B4F51D21DF5B004706BC /* Assets.xcassets */; };
		F786B4FB1D21DF5F004706BC /* Assets.xcassets in Resources */ = {isa = PBXBuildFile; fileRef = F786B4F51D21DF5B004706BC /* Assets.xcassets */; };
		F786B5161D224218004706BC /* AppDelegate.swift in Sources */ = {isa = PBXBuildFile; fileRef = F786B5151D224218004706BC /* AppDelegate.swift */; };
		F786B51C1D224218004706BC /* GameViewController.swift in Sources */ = {isa = PBXBuildFile; fileRef = F786B51B1D224218004706BC /* GameViewController.swift */; };
		F786B5211D224218004706BC /* Main.storyboard in Resources */ = {isa = PBXBuildFile; fileRef = F786B51F1D224218004706BC /* Main.storyboard */; };
		F786B52D1D224299004706BC /* Assets.xcassets in Resources */ = {isa = PBXBuildFile; fileRef = F786B4F51D21DF5B004706BC /* Assets.xcassets */; };
		F7AEA51A1D23845C00CC4F81 /* HexColors.swift in Sources */ = {isa = PBXBuildFile; fileRef = F7D0F5041D232F5000B6AF6D /* HexColors.swift */; };
		F7AEA51B1D23845D00CC4F81 /* HexColors.swift in Sources */ = {isa = PBXBuildFile; fileRef = F7D0F5041D232F5000B6AF6D /* HexColors.swift */; };
		F7D0F5051D232F5000B6AF6D /* HexColors.swift in Sources */ = {isa = PBXBuildFile; fileRef = F7D0F5041D232F5000B6AF6D /* HexColors.swift */; };
		F7D0F50B1D2371DB00B6AF6D /* SharedTypes.swift in Sources */ = {isa = PBXBuildFile; fileRef = F7D0F50A1D2371DB00B6AF6D /* SharedTypes.swift */; };
		F7D0F50C1D2371DB00B6AF6D /* SharedTypes.swift in Sources */ = {isa = PBXBuildFile; fileRef = F7D0F50A1D2371DB00B6AF6D /* SharedTypes.swift */; };
		F7D0F50D1D2371DB00B6AF6D /* SharedTypes.swift in Sources */ = {isa = PBXBuildFile; fileRef = F7D0F50A1D2371DB00B6AF6D /* SharedTypes.swift */; };
		F7D0F5131D2375E200B6AF6D /* Style.swift in Sources */ = {isa = PBXBuildFile; fileRef = F7D0F5121D2375E200B6AF6D /* Style.swift */; };
		F7D0F5141D2375E200B6AF6D /* Style.swift in Sources */ = {isa = PBXBuildFile; fileRef = F7D0F5121D2375E200B6AF6D /* Style.swift */; };
		F7D0F5151D2375E200B6AF6D /* Style.swift in Sources */ = {isa = PBXBuildFile; fileRef = F7D0F5121D2375E200B6AF6D /* Style.swift */; };
/* End PBXBuildFile section */

/* Begin PBXFileReference section */
		F77021D61D26EB9D00CEFFF5 /* TTTBoard.swift */ = {isa = PBXFileReference; fileEncoding = 4; lastKnownFileType = sourcecode.swift; name = TTTBoard.swift; path = Shared/Model/TTTBoard.swift; sourceTree = "<group>"; };
		F77021D71D26EB9D00CEFFF5 /* TTTModel.swift */ = {isa = PBXFileReference; fileEncoding = 4; lastKnownFileType = sourcecode.swift; name = TTTModel.swift; path = Shared/Model/TTTModel.swift; sourceTree = "<group>"; };
		F77021D81D26EB9D00CEFFF5 /* TTTMove.swift */ = {isa = PBXFileReference; fileEncoding = 4; lastKnownFileType = sourcecode.swift; name = TTTMove.swift; path = Shared/Model/TTTMove.swift; sourceTree = "<group>"; };
		F77021D91D26EB9D00CEFFF5 /* TTTPlayer.swift */ = {isa = PBXFileReference; fileEncoding = 4; lastKnownFileType = sourcecode.swift; name = TTTPlayer.swift; path = Shared/Model/TTTPlayer.swift; sourceTree = "<group>"; };
		F77021DE1D26EBB600CEFFF5 /* ButtonNode.swift */ = {isa = PBXFileReference; fileEncoding = 4; lastKnownFileType = sourcecode.swift; name = ButtonNode.swift; path = Shared/Nodes/ButtonNode.swift; sourceTree = "<group>"; };
		F77021DF1D26EBB600CEFFF5 /* GlyphNode.swift */ = {isa = PBXFileReference; fileEncoding = 4; lastKnownFileType = sourcecode.swift; name = GlyphNode.swift; path = Shared/Nodes/GlyphNode.swift; sourceTree = "<group>"; };
		F77021E01D26EBB600CEFFF5 /* PositionNode.swift */ = {isa = PBXFileReference; fileEncoding = 4; lastKnownFileType = sourcecode.swift; name = PositionNode.swift; path = Shared/Nodes/PositionNode.swift; sourceTree = "<group>"; };
		F77021F21D26EBF600CEFFF5 /* CheckBoardState.swift */ = {isa = PBXFileReference; fileEncoding = 4; lastKnownFileType = sourcecode.swift; name = CheckBoardState.swift; path = Shared/States/CheckBoardState.swift; sourceTree = "<group>"; };
		F77021F31D26EBF600CEFFF5 /* GameOverState.swift */ = {isa = PBXFileReference; fileEncoding = 4; lastKnownFileType = sourcecode.swift; name = GameOverState.swift; path = Shared/States/GameOverState.swift; sourceTree = "<group>"; };
		F77021F41D26EBF600CEFFF5 /* GameplayStateMachine.swift */ = {isa = PBXFileReference; fileEncoding = 4; lastKnownFileType = sourcecode.swift; name = GameplayStateMachine.swift; path = Shared/States/GameplayStateMachine.swift; sourceTree = "<group>"; };
		F77021F51D26EBF600CEFFF5 /* MenuState.swift */ = {isa = PBXFileReference; fileEncoding = 4; lastKnownFileType = sourcecode.swift; name = MenuState.swift; path = Shared/States/MenuState.swift; sourceTree = "<group>"; };
		F77021F61D26EBF600CEFFF5 /* OnePlayerState.swift */ = {isa = PBXFileReference; fileEncoding = 4; lastKnownFileType = sourcecode.swift; name = OnePlayerState.swift; path = Shared/States/OnePlayerState.swift; sourceTree = "<group>"; };
		F77021F71D26EBF600CEFFF5 /* PlayerOTurnState.swift */ = {isa = PBXFileReference; fileEncoding = 4; lastKnownFileType = sourcecode.swift; name = PlayerOTurnState.swift; path = Shared/States/PlayerOTurnState.swift; sourceTree = "<group>"; };
		F77021F81D26EBF600CEFFF5 /* PlayerXTurnState.swift */ = {isa = PBXFileReference; fileEncoding = 4; lastKnownFileType = sourcecode.swift; name = PlayerXTurnState.swift; path = Shared/States/PlayerXTurnState.swift; sourceTree = "<group>"; };
		F77021F91D26EBF600CEFFF5 /* SelectNextPlayerState.swift */ = {isa = PBXFileReference; fileEncoding = 4; lastKnownFileType = sourcecode.swift; name = SelectNextPlayerState.swift; path = Shared/States/SelectNextPlayerState.swift; sourceTree = "<group>"; };
		F77021FA1D26EBF600CEFFF5 /* TwoPlayerState.swift */ = {isa = PBXFileReference; fileEncoding = 4; lastKnownFileType = sourcecode.swift; name = TwoPlayerState.swift; path = Shared/States/TwoPlayerState.swift; sourceTree = "<group>"; };
		F77022041D26EC6C00CEFFF5 /* GameScene.swift */ = {isa = PBXFileReference; fileEncoding = 4; lastKnownFileType = sourcecode.swift; name = GameScene.swift; path = Shared/Scenes/GameScene.swift; sourceTree = "<group>"; };
		F77022051D26EC6C00CEFFF5 /* GameScene+Input.swift */ = {isa = PBXFileReference; fileEncoding = 4; lastKnownFileType = sourcecode.swift; name = "GameScene+Input.swift"; path = "Shared/Scenes/GameScene+Input.swift"; sourceTree = "<group>"; };
		F77022071D26EC6C00CEFFF5 /* MenuScene.swift */ = {isa = PBXFileReference; fileEncoding = 4; lastKnownFileType = sourcecode.swift; name = MenuScene.swift; path = Shared/Scenes/MenuScene.swift; sourceTree = "<group>"; };
		F77022081D26EC6C00CEFFF5 /* SceneManager.swift */ = {isa = PBXFileReference; fileEncoding = 4; lastKnownFileType = sourcecode.swift; name = SceneManager.swift; path = Shared/Scenes/SceneManager.swift; sourceTree = "<group>"; };
		F770220E1D26EC9300CEFFF5 /* GameButton.swift */ = {isa = PBXFileReference; fileEncoding = 4; lastKnownFileType = sourcecode.swift; name = GameButton.swift; path = Shared/Nodes/GameButton.swift; sourceTree = "<group>"; };
		F770220F1D26EC9300CEFFF5 /* MenuButton.swift */ = {isa = PBXFileReference; fileEncoding = 4; lastKnownFileType = sourcecode.swift; name = MenuButton.swift; path = Shared/Nodes/MenuButton.swift; sourceTree = "<group>"; };
		F786B4CD1D21DEDA004706BC /* AppDelegate.swift */ = {isa = PBXFileReference; fileEncoding = 4; lastKnownFileType = sourcecode.swift; name = AppDelegate.swift; path = "TicTacToad-macOS/AppDelegate.swift"; sourceTree = SOURCE_ROOT; };
		F786B4D11D21DEDA004706BC /* Info.plist */ = {isa = PBXFileReference; fileEncoding = 4; lastKnownFileType = text.plist.xml; name = Info.plist; path = "TicTacToad-macOS/Info.plist"; sourceTree = SOURCE_ROOT; };
		F786B4D81D21DEF6004706BC /* Base */ = {isa = PBXFileReference; lastKnownFileType = file.xib; name = Base; path = "TicTacToad-macOS/Base.lproj/MainMenu.xib"; sourceTree = SOURCE_ROOT; };
		F786B4DE1D21DF18004706BC /* TicTacToad-iOS.app */ = {isa = PBXFileReference; explicitFileType = wrapper.application; includeInIndex = 0; path = "TicTacToad-iOS.app"; sourceTree = BUILT_PRODUCTS_DIR; };
		F786B4E01D21DF18004706BC /* AppDelegate.swift */ = {isa = PBXFileReference; lastKnownFileType = sourcecode.swift; path = AppDelegate.swift; sourceTree = "<group>"; };
		F786B4E61D21DF18004706BC /* GameViewController.swift */ = {isa = PBXFileReference; lastKnownFileType = sourcecode.swift; path = GameViewController.swift; sourceTree = "<group>"; };
		F786B4E91D21DF18004706BC /* Base */ = {isa = PBXFileReference; lastKnownFileType = file.storyboard; name = Base; path = Base.lproj/Main.storyboard; sourceTree = "<group>"; };
		F786B4EE1D21DF18004706BC /* Base */ = {isa = PBXFileReference; lastKnownFileType = file.storyboard; name = Base; path = Base.lproj/LaunchScreen.storyboard; sourceTree = "<group>"; };
		F786B4F01D21DF18004706BC /* Info.plist */ = {isa = PBXFileReference; lastKnownFileType = text.plist.xml; path = Info.plist; sourceTree = "<group>"; };
		F786B4F51D21DF5B004706BC /* Assets.xcassets */ = {isa = PBXFileReference; lastKnownFileType = folder.assetcatalog; name = Assets.xcassets; path = Shared/Assets.xcassets; sourceTree = "<group>"; };
		F786B5131D224218004706BC /* TicTacToad-tvOS.app */ = {isa = PBXFileReference; explicitFileType = wrapper.application; includeInIndex = 0; path = "TicTacToad-tvOS.app"; sourceTree = BUILT_PRODUCTS_DIR; };
		F786B5151D224218004706BC /* AppDelegate.swift */ = {isa = PBXFileReference; lastKnownFileType = sourcecode.swift; path = AppDelegate.swift; sourceTree = "<group>"; };
		F786B51B1D224218004706BC /* GameViewController.swift */ = {isa = PBXFileReference; lastKnownFileType = sourcecode.swift; path = GameViewController.swift; sourceTree = "<group>"; };
		F786B5201D224218004706BC /* Base */ = {isa = PBXFileReference; lastKnownFileType = file.storyboard; name = Base; path = Base.lproj/Main.storyboard; sourceTree = "<group>"; };
		F786B5241D224218004706BC /* Info.plist */ = {isa = PBXFileReference; lastKnownFileType = text.plist.xml; path = Info.plist; sourceTree = "<group>"; };
		F7D0F5041D232F5000B6AF6D /* HexColors.swift */ = {isa = PBXFileReference; fileEncoding = 4; lastKnownFileType = sourcecode.swift; name = HexColors.swift; path = Shared/HexColors.swift; sourceTree = "<group>"; };
		F7D0F50A1D2371DB00B6AF6D /* SharedTypes.swift */ = {isa = PBXFileReference; fileEncoding = 4; lastKnownFileType = sourcecode.swift; name = SharedTypes.swift; path = Shared/SharedTypes.swift; sourceTree = "<group>"; };
		F7D0F5121D2375E200B6AF6D /* Style.swift */ = {isa = PBXFileReference; fileEncoding = 4; lastKnownFileType = sourcecode.swift; name = Style.swift; path = Shared/Style.swift; sourceTree = "<group>"; };
		F7EE22D71D21D9BF006C6029 /* TicTacToad-macOS.app */ = {isa = PBXFileReference; explicitFileType = wrapper.application; includeInIndex = 0; path = "TicTacToad-macOS.app"; sourceTree = BUILT_PRODUCTS_DIR; };
/* End PBXFileReference section */

/* Begin PBXFrameworksBuildPhase section */
		F786B4DB1D21DF18004706BC /* Frameworks */ = {
			isa = PBXFrameworksBuildPhase;
			buildActionMask = 2147483647;
			files = (
			);
			runOnlyForDeploymentPostprocessing = 0;
		};
		F786B5101D224218004706BC /* Frameworks */ = {
			isa = PBXFrameworksBuildPhase;
			buildActionMask = 2147483647;
			files = (
			);
			runOnlyForDeploymentPostprocessing = 0;
		};
		F7EE22D41D21D9BF006C6029 /* Frameworks */ = {
			isa = PBXFrameworksBuildPhase;
			buildActionMask = 2147483647;
			files = (
			);
			runOnlyForDeploymentPostprocessing = 0;
		};
/* End PBXFrameworksBuildPhase section */

/* Begin PBXGroup section */
		F786B4DF1D21DF18004706BC /* TicTacToad-iOS */ = {
			isa = PBXGroup;
			children = (
				F786B4E01D21DF18004706BC /* AppDelegate.swift */,
				F786B4E61D21DF18004706BC /* GameViewController.swift */,
				F786B4E81D21DF18004706BC /* Main.storyboard */,
				F786B4ED1D21DF18004706BC /* LaunchScreen.storyboard */,
				F786B4F01D21DF18004706BC /* Info.plist */,
			);
			path = "TicTacToad-iOS";
			sourceTree = "<group>";
		};
		F786B4F41D21DF46004706BC /* Shared */ = {
			isa = PBXGroup;
			children = (
				F7D0F5121D2375E200B6AF6D /* Style.swift */,
				F7D0F5041D232F5000B6AF6D /* HexColors.swift */,
				F7D0F50A1D2371DB00B6AF6D /* SharedTypes.swift */,
				F7B399BE1D242C93002FEF9A /* Model */,
				F7D0F5081D2371A100B6AF6D /* Nodes */,
				F786B5081D2238F0004706BC /* States */,
				F786B5041D223879004706BC /* Scenes */,
				F786B4F51D21DF5B004706BC /* Assets.xcassets */,
			);
			name = Shared;
			sourceTree = "<group>";
		};
		F786B5041D223879004706BC /* Scenes */ = {
			isa = PBXGroup;
			children = (
				F77022041D26EC6C00CEFFF5 /* GameScene.swift */,
				F77022051D26EC6C00CEFFF5 /* GameScene+Input.swift */,
				F77022071D26EC6C00CEFFF5 /* MenuScene.swift */,
				F77022081D26EC6C00CEFFF5 /* SceneManager.swift */,
			);
			name = Scenes;
			sourceTree = "<group>";
		};
		F786B5081D2238F0004706BC /* States */ = {
			isa = PBXGroup;
			children = (
				F77021F21D26EBF600CEFFF5 /* CheckBoardState.swift */,
				F77021F31D26EBF600CEFFF5 /* GameOverState.swift */,
				F77021F41D26EBF600CEFFF5 /* GameplayStateMachine.swift */,
				F77021F51D26EBF600CEFFF5 /* MenuState.swift */,
				F77021F61D26EBF600CEFFF5 /* OnePlayerState.swift */,
				F77021F71D26EBF600CEFFF5 /* PlayerOTurnState.swift */,
				F77021F81D26EBF600CEFFF5 /* PlayerXTurnState.swift */,
				F77021F91D26EBF600CEFFF5 /* SelectNextPlayerState.swift */,
				F77021FA1D26EBF600CEFFF5 /* TwoPlayerState.swift */,
			);
			name = States;
			sourceTree = "<group>";
		};
		F786B5141D224218004706BC /* TicTacToad-tvOS */ = {
			isa = PBXGroup;
			children = (
				F786B5151D224218004706BC /* AppDelegate.swift */,
				F786B51B1D224218004706BC /* GameViewController.swift */,
				F786B51F1D224218004706BC /* Main.storyboard */,
				F786B5241D224218004706BC /* Info.plist */,
			);
			path = "TicTacToad-tvOS";
			sourceTree = "<group>";
		};
		F7B399BE1D242C93002FEF9A /* Model */ = {
			isa = PBXGroup;
			children = (
				F77021D61D26EB9D00CEFFF5 /* TTTBoard.swift */,
				F77021D71D26EB9D00CEFFF5 /* TTTModel.swift */,
				F77021D81D26EB9D00CEFFF5 /* TTTMove.swift */,
				F77021D91D26EB9D00CEFFF5 /* TTTPlayer.swift */,
			);
			name = Model;
			sourceTree = "<group>";
		};
		F7D0F5081D2371A100B6AF6D /* Nodes */ = {
			isa = PBXGroup;
			children = (
				F770220E1D26EC9300CEFFF5 /* GameButton.swift */,
				F770220F1D26EC9300CEFFF5 /* MenuButton.swift */,
				F77021DE1D26EBB600CEFFF5 /* ButtonNode.swift */,
				F77021DF1D26EBB600CEFFF5 /* GlyphNode.swift */,
				F77021E01D26EBB600CEFFF5 /* PositionNode.swift */,
			);
			name = Nodes;
			sourceTree = "<group>";
		};
		F7EE22CE1D21D9BF006C6029 = {
			isa = PBXGroup;
			children = (
				F786B4F41D21DF46004706BC /* Shared */,
				F7EE22D91D21D9BF006C6029 /* TicTacToad-macOS */,
				F786B4DF1D21DF18004706BC /* TicTacToad-iOS */,
				F786B5141D224218004706BC /* TicTacToad-tvOS */,
				F7EE22D81D21D9BF006C6029 /* Products */,
			);
			sourceTree = "<group>";
		};
		F7EE22D81D21D9BF006C6029 /* Products */ = {
			isa = PBXGroup;
			children = (
				F7EE22D71D21D9BF006C6029 /* TicTacToad-macOS.app */,
				F786B4DE1D21DF18004706BC /* TicTacToad-iOS.app */,
				F786B5131D224218004706BC /* TicTacToad-tvOS.app */,
			);
			name = Products;
			sourceTree = "<group>";
		};
		F7EE22D91D21D9BF006C6029 /* TicTacToad-macOS */ = {
			isa = PBXGroup;
			children = (
				F786B4CD1D21DEDA004706BC /* AppDelegate.swift */,
				F786B4D71D21DEF6004706BC /* MainMenu.xib */,
				F786B4D11D21DEDA004706BC /* Info.plist */,
			);
			name = "TicTacToad-macOS";
			path = TicTacToad;
			sourceTree = "<group>";
		};
/* End PBXGroup section */

/* Begin PBXNativeTarget section */
		F786B4DD1D21DF18004706BC /* TicTacToad-iOS */ = {
			isa = PBXNativeTarget;
			buildConfigurationList = F786B4F11D21DF18004706BC /* Build configuration list for PBXNativeTarget "TicTacToad-iOS" */;
			buildPhases = (
				F786B4DA1D21DF18004706BC /* Sources */,
				F786B4DB1D21DF18004706BC /* Frameworks */,
				F786B4DC1D21DF18004706BC /* Resources */,
			);
			buildRules = (
			);
			dependencies = (
			);
			name = "TicTacToad-iOS";
			productName = "TicTacToad-iOS";
			productReference = F786B4DE1D21DF18004706BC /* TicTacToad-iOS.app */;
			productType = "com.apple.product-type.application";
		};
		F786B5121D224218004706BC /* TicTacToad-tvOS */ = {
			isa = PBXNativeTarget;
			buildConfigurationList = F786B5251D224218004706BC /* Build configuration list for PBXNativeTarget "TicTacToad-tvOS" */;
			buildPhases = (
				F786B50F1D224218004706BC /* Sources */,
				F786B5101D224218004706BC /* Frameworks */,
				F786B5111D224218004706BC /* Resources */,
			);
			buildRules = (
			);
			dependencies = (
			);
			name = "TicTacToad-tvOS";
			productName = "TicTacToad-tvOS";
			productReference = F786B5131D224218004706BC /* TicTacToad-tvOS.app */;
			productType = "com.apple.product-type.application";
		};
		F7EE22D61D21D9BF006C6029 /* TicTacToad-macOS */ = {
			isa = PBXNativeTarget;
			buildConfigurationList = F7EE22E81D21D9BF006C6029 /* Build configuration list for PBXNativeTarget "TicTacToad-macOS" */;
			buildPhases = (
				F7EE22D31D21D9BF006C6029 /* Sources */,
				F7EE22D41D21D9BF006C6029 /* Frameworks */,
				F7EE22D51D21D9BF006C6029 /* Resources */,
			);
			buildRules = (
			);
			dependencies = (
			);
			name = "TicTacToad-macOS";
			productName = TicTacToad;
			productReference = F7EE22D71D21D9BF006C6029 /* TicTacToad-macOS.app */;
			productType = "com.apple.product-type.application";
		};
/* End PBXNativeTarget section */

/* Begin PBXProject section */
		F7EE22CF1D21D9BF006C6029 /* Project object */ = {
			isa = PBXProject;
			attributes = {
				LastSwiftUpdateCheck = 0730;
				LastUpgradeCheck = 0730;
				ORGANIZATIONNAME = "Andrew Shepard";
				TargetAttributes = {
					F786B4DD1D21DF18004706BC = {
						CreatedOnToolsVersion = 7.3.1;
					};
					F786B5121D224218004706BC = {
						CreatedOnToolsVersion = 7.3.1;
					};
					F7EE22D61D21D9BF006C6029 = {
						CreatedOnToolsVersion = 7.3.1;
					};
				};
			};
			buildConfigurationList = F7EE22D21D21D9BF006C6029 /* Build configuration list for PBXProject "TicTacToad" */;
			compatibilityVersion = "Xcode 3.2";
			developmentRegion = English;
			hasScannedForEncodings = 0;
			knownRegions = (
				en,
				Base,
			);
			mainGroup = F7EE22CE1D21D9BF006C6029;
			productRefGroup = F7EE22D81D21D9BF006C6029 /* Products */;
			projectDirPath = "";
			projectRoot = "";
			targets = (
				F7EE22D61D21D9BF006C6029 /* TicTacToad-macOS */,
				F786B4DD1D21DF18004706BC /* TicTacToad-iOS */,
				F786B5121D224218004706BC /* TicTacToad-tvOS */,
			);
		};
/* End PBXProject section */

/* Begin PBXResourcesBuildPhase section */
		F786B4DC1D21DF18004706BC /* Resources */ = {
			isa = PBXResourcesBuildPhase;
			buildActionMask = 2147483647;
			files = (
				F786B4EF1D21DF18004706BC /* LaunchScreen.storyboard in Resources */,
				F786B4FB1D21DF5F004706BC /* Assets.xcassets in Resources */,
				F786B4EA1D21DF18004706BC /* Main.storyboard in Resources */,
			);
			runOnlyForDeploymentPostprocessing = 0;
		};
		F786B5111D224218004706BC /* Resources */ = {
			isa = PBXResourcesBuildPhase;
			buildActionMask = 2147483647;
			files = (
				F786B52D1D224299004706BC /* Assets.xcassets in Resources */,
				F786B5211D224218004706BC /* Main.storyboard in Resources */,
			);
			runOnlyForDeploymentPostprocessing = 0;
		};
		F7EE22D51D21D9BF006C6029 /* Resources */ = {
			isa = PBXResourcesBuildPhase;
			buildActionMask = 2147483647;
			files = (
				F786B4F81D21DF5B004706BC /* Assets.xcassets in Resources */,
				F786B4D91D21DEF6004706BC /* MainMenu.xib in Resources */,
			);
			runOnlyForDeploymentPostprocessing = 0;
		};
/* End PBXResourcesBuildPhase section */

/* Begin PBXSourcesBuildPhase section */
		F786B4DA1D21DF18004706BC /* Sources */ = {
			isa = PBXSourcesBuildPhase;
			buildActionMask = 2147483647;
			files = (
				F77021EB1D26EBC900CEFFF5 /* TTTModel.swift in Sources */,
				F770221B1D26EC9E00CEFFF5 /* GameOverState.swift in Sources */,
				F77021EC1D26EBC900CEFFF5 /* TTTMove.swift in Sources */,
				F77022211D26EC9E00CEFFF5 /* SelectNextPlayerState.swift in Sources */,
				F786B4E71D21DF18004706BC /* GameViewController.swift in Sources */,
				F770221D1D26EC9E00CEFFF5 /* MenuState.swift in Sources */,
				F77021ED1D26EBC900CEFFF5 /* TTTPlayer.swift in Sources */,
				F77022201D26EC9E00CEFFF5 /* PlayerXTurnState.swift in Sources */,
				F7D0F50C1D2371DB00B6AF6D /* SharedTypes.swift in Sources */,
				F770221F1D26EC9E00CEFFF5 /* PlayerOTurnState.swift in Sources */,
				F7AEA51A1D23845C00CC4F81 /* HexColors.swift in Sources */,
				F770222C1D26ECA300CEFFF5 /* GameButton.swift in Sources */,
				F77022191D26EC9A00CEFFF5 /* SceneManager.swift in Sources */,
				F77021E61D26EBC500CEFFF5 /* PositionNode.swift in Sources */,
				F770222D1D26ECA300CEFFF5 /* MenuButton.swift in Sources */,
				F77022171D26EC9A00CEFFF5 /* GameScene+Input.swift in Sources */,
				F7D0F5141D2375E200B6AF6D /* Style.swift in Sources */,
				F77022161D26EC9A00CEFFF5 /* GameScene.swift in Sources */,
				F77021E51D26EBC500CEFFF5 /* GlyphNode.swift in Sources */,
				F786B4E11D21DF18004706BC /* AppDelegate.swift in Sources */,
				F770221C1D26EC9E00CEFFF5 /* GameplayStateMachine.swift in Sources */,
				F77022181D26EC9A00CEFFF5 /* MenuScene.swift in Sources */,
				F77021EA1D26EBC900CEFFF5 /* TTTBoard.swift in Sources */,
				F77022221D26EC9E00CEFFF5 /* TwoPlayerState.swift in Sources */,
				F770221E1D26EC9E00CEFFF5 /* OnePlayerState.swift in Sources */,
				F77021E41D26EBC500CEFFF5 /* ButtonNode.swift in Sources */,
				F770221A1D26EC9E00CEFFF5 /* CheckBoardState.swift in Sources */,
			);
			runOnlyForDeploymentPostprocessing = 0;
		};
		F786B50F1D224218004706BC /* Sources */ = {
			isa = PBXSourcesBuildPhase;
			buildActionMask = 2147483647;
			files = (
				F77021EF1D26EBC900CEFFF5 /* TTTModel.swift in Sources */,
				F77022241D26EC9E00CEFFF5 /* GameOverState.swift in Sources */,
				F77021F01D26EBC900CEFFF5 /* TTTMove.swift in Sources */,
				F770222A1D26EC9E00CEFFF5 /* SelectNextPlayerState.swift in Sources */,
				F77021F11D26EBC900CEFFF5 /* TTTPlayer.swift in Sources */,
				F77022261D26EC9E00CEFFF5 /* MenuState.swift in Sources */,
				F7D0F50D1D2371DB00B6AF6D /* SharedTypes.swift in Sources */,
				F77022291D26EC9E00CEFFF5 /* PlayerXTurnState.swift in Sources */,
				F7AEA51B1D23845D00CC4F81 /* HexColors.swift in Sources */,
				F77022281D26EC9E00CEFFF5 /* PlayerOTurnState.swift in Sources */,
				F77021E91D26EBC500CEFFF5 /* PositionNode.swift in Sources */,
				F770222E1D26ECA400CEFFF5 /* GameButton.swift in Sources */,
				F77022151D26EC9A00CEFFF5 /* SceneManager.swift in Sources */,
				F7D0F5151D2375E200B6AF6D /* Style.swift in Sources */,
				F770222F1D26ECA400CEFFF5 /* MenuButton.swift in Sources */,
				F77022131D26EC9A00CEFFF5 /* GameScene+Input.swift in Sources */,
				F786B51C1D224218004706BC /* GameViewController.swift in Sources */,
				F77022121D26EC9A00CEFFF5 /* GameScene.swift in Sources */,
				F77021E81D26EBC500CEFFF5 /* GlyphNode.swift in Sources */,
				F786B5161D224218004706BC /* AppDelegate.swift in Sources */,
				F77022251D26EC9E00CEFFF5 /* GameplayStateMachine.swift in Sources */,
				F77022141D26EC9A00CEFFF5 /* MenuScene.swift in Sources */,
				F77021EE1D26EBC900CEFFF5 /* TTTBoard.swift in Sources */,
				F770222B1D26EC9E00CEFFF5 /* TwoPlayerState.swift in Sources */,
				F77022271D26EC9E00CEFFF5 /* OnePlayerState.swift in Sources */,
				F77021E71D26EBC500CEFFF5 /* ButtonNode.swift in Sources */,
				F77022231D26EC9E00CEFFF5 /* CheckBoardState.swift in Sources */,
			);
			runOnlyForDeploymentPostprocessing = 0;
		};
		F7EE22D31D21D9BF006C6029 /* Sources */ = {
			isa = PBXSourcesBuildPhase;
			buildActionMask = 2147483647;
			files = (
				F7D0F50B1D2371DB00B6AF6D /* SharedTypes.swift in Sources */,
				F77021E11D26EBB600CEFFF5 /* ButtonNode.swift in Sources */,
				F77021DB1D26EB9D00CEFFF5 /* TTTModel.swift in Sources */,
				F770220A1D26EC6C00CEFFF5 /* GameScene+Input.swift in Sources */,
				F77021DC1D26EB9D00CEFFF5 /* TTTMove.swift in Sources */,
				F7D0F5051D232F5000B6AF6D /* HexColors.swift in Sources */,
				F77022021D26EBF600CEFFF5 /* SelectNextPlayerState.swift in Sources */,
				F77021FF1D26EBF600CEFFF5 /* OnePlayerState.swift in Sources */,
				F77021FD1D26EBF600CEFFF5 /* GameplayStateMachine.swift in Sources */,
				F77021E31D26EBB600CEFFF5 /* PositionNode.swift in Sources */,
				F77021FE1D26EBF600CEFFF5 /* MenuState.swift in Sources */,
				F770220D1D26EC6C00CEFFF5 /* SceneManager.swift in Sources */,
				F77022001D26EBF600CEFFF5 /* PlayerOTurnState.swift in Sources */,
				F786B4D21D21DEDA004706BC /* AppDelegate.swift in Sources */,
				F77022011D26EBF600CEFFF5 /* PlayerXTurnState.swift in Sources */,
				F77021FC1D26EBF600CEFFF5 /* GameOverState.swift in Sources */,
				F7D0F5131D2375E200B6AF6D /* Style.swift in Sources */,
				F770220C1D26EC6C00CEFFF5 /* MenuScene.swift in Sources */,
				F77022091D26EC6C00CEFFF5 /* GameScene.swift in Sources */,
				F77022101D26EC9300CEFFF5 /* GameButton.swift in Sources */,
				F77021DA1D26EB9D00CEFFF5 /* TTTBoard.swift in Sources */,
				F77021DD1D26EB9D00CEFFF5 /* TTTPlayer.swift in Sources */,
				F77022031D26EBF600CEFFF5 /* TwoPlayerState.swift in Sources */,
				F77021E21D26EBB600CEFFF5 /* GlyphNode.swift in Sources */,
				F77022111D26EC9300CEFFF5 /* MenuButton.swift in Sources */,
				F77021FB1D26EBF600CEFFF5 /* CheckBoardState.swift in Sources */,
			);
			runOnlyForDeploymentPostprocessing = 0;
		};
/* End PBXSourcesBuildPhase section */

/* Begin PBXVariantGroup section */
		F786B4D71D21DEF6004706BC /* MainMenu.xib */ = {
			isa = PBXVariantGroup;
			children = (
				F786B4D81D21DEF6004706BC /* Base */,
			);
			name = MainMenu.xib;
			sourceTree = "<group>";
		};
		F786B4E81D21DF18004706BC /* Main.storyboard */ = {
			isa = PBXVariantGroup;
			children = (
				F786B4E91D21DF18004706BC /* Base */,
			);
			name = Main.storyboard;
			sourceTree = "<group>";
		};
		F786B4ED1D21DF18004706BC /* LaunchScreen.storyboard */ = {
			isa = PBXVariantGroup;
			children = (
				F786B4EE1D21DF18004706BC /* Base */,
			);
			name = LaunchScreen.storyboard;
			sourceTree = "<group>";
		};
		F786B51F1D224218004706BC /* Main.storyboard */ = {
			isa = PBXVariantGroup;
			children = (
				F786B5201D224218004706BC /* Base */,
			);
			name = Main.storyboard;
			sourceTree = "<group>";
		};
/* End PBXVariantGroup section */

/* Begin XCBuildConfiguration section */
		F786B4F21D21DF18004706BC /* Debug */ = {
			isa = XCBuildConfiguration;
			buildSettings = {
				ASSETCATALOG_COMPILER_APPICON_NAME = AppIcon;
				"CODE_SIGN_IDENTITY[sdk=iphoneos*]" = "iPhone Developer";
				INFOPLIST_FILE = "TicTacToad-iOS/Info.plist";
				IPHONEOS_DEPLOYMENT_TARGET = 9.3;
				LD_RUNPATH_SEARCH_PATHS = "$(inherited) @executable_path/Frameworks";
				PRODUCT_BUNDLE_IDENTIFIER = "org.andyshep.TicTacToad-iOS";
				PRODUCT_NAME = "$(TARGET_NAME)";
				SDKROOT = iphoneos;
				TARGETED_DEVICE_FAMILY = "1,2";
			};
			name = Debug;
		};
		F786B4F31D21DF18004706BC /* Release */ = {
			isa = XCBuildConfiguration;
			buildSettings = {
				ASSETCATALOG_COMPILER_APPICON_NAME = AppIcon;
				"CODE_SIGN_IDENTITY[sdk=iphoneos*]" = "iPhone Developer";
				INFOPLIST_FILE = "TicTacToad-iOS/Info.plist";
				IPHONEOS_DEPLOYMENT_TARGET = 9.3;
				LD_RUNPATH_SEARCH_PATHS = "$(inherited) @executable_path/Frameworks";
				PRODUCT_BUNDLE_IDENTIFIER = "org.andyshep.TicTacToad-iOS";
				PRODUCT_NAME = "$(TARGET_NAME)";
				SDKROOT = iphoneos;
				TARGETED_DEVICE_FAMILY = "1,2";
				VALIDATE_PRODUCT = YES;
			};
			name = Release;
		};
		F786B5261D224218004706BC /* Debug */ = {
			isa = XCBuildConfiguration;
			buildSettings = {
				ASSETCATALOG_COMPILER_APPICON_NAME = "App Icon & Top Shelf Image";
				ASSETCATALOG_COMPILER_LAUNCHIMAGE_NAME = LaunchImage;
				INFOPLIST_FILE = "TicTacToad-tvOS/Info.plist";
				LD_RUNPATH_SEARCH_PATHS = "$(inherited) @executable_path/Frameworks";
				PRODUCT_BUNDLE_IDENTIFIER = "org.andyshep.TicTacToad-tvOS";
				PRODUCT_NAME = "$(TARGET_NAME)";
				SDKROOT = appletvos;
				TARGETED_DEVICE_FAMILY = 3;
				TVOS_DEPLOYMENT_TARGET = 9.2;
			};
			name = Debug;
		};
		F786B5271D224218004706BC /* Release */ = {
			isa = XCBuildConfiguration;
			buildSettings = {
				ASSETCATALOG_COMPILER_APPICON_NAME = "App Icon & Top Shelf Image";
				ASSETCATALOG_COMPILER_LAUNCHIMAGE_NAME = LaunchImage;
				INFOPLIST_FILE = "TicTacToad-tvOS/Info.plist";
				LD_RUNPATH_SEARCH_PATHS = "$(inherited) @executable_path/Frameworks";
				PRODUCT_BUNDLE_IDENTIFIER = "org.andyshep.TicTacToad-tvOS";
				PRODUCT_NAME = "$(TARGET_NAME)";
				SDKROOT = appletvos;
				TARGETED_DEVICE_FAMILY = 3;
				TVOS_DEPLOYMENT_TARGET = 9.2;
				VALIDATE_PRODUCT = YES;
			};
			name = Release;
		};
		F7EE22E61D21D9BF006C6029 /* Debug */ = {
			isa = XCBuildConfiguration;
			buildSettings = {
				ALWAYS_SEARCH_USER_PATHS = NO;
				CLANG_ANALYZER_NONNULL = YES;
				CLANG_CXX_LANGUAGE_STANDARD = "gnu++0x";
				CLANG_CXX_LIBRARY = "libc++";
				CLANG_ENABLE_MODULES = YES;
				CLANG_ENABLE_OBJC_ARC = YES;
				CLANG_WARN_BOOL_CONVERSION = YES;
				CLANG_WARN_CONSTANT_CONVERSION = YES;
				CLANG_WARN_DIRECT_OBJC_ISA_USAGE = YES_ERROR;
				CLANG_WARN_EMPTY_BODY = YES;
				CLANG_WARN_ENUM_CONVERSION = YES;
				CLANG_WARN_INT_CONVERSION = YES;
				CLANG_WARN_OBJC_ROOT_CLASS = YES_ERROR;
				CLANG_WARN_UNREACHABLE_CODE = YES;
				CLANG_WARN__DUPLICATE_METHOD_MATCH = YES;
				CODE_SIGN_IDENTITY = "-";
				COPY_PHASE_STRIP = NO;
				DEBUG_INFORMATION_FORMAT = "dwarf-with-dsym";
				ENABLE_STRICT_OBJC_MSGSEND = YES;
				ENABLE_TESTABILITY = YES;
				GCC_C_LANGUAGE_STANDARD = gnu99;
				GCC_DYNAMIC_NO_PIC = NO;
				GCC_NO_COMMON_BLOCKS = YES;
				GCC_OPTIMIZATION_LEVEL = 0;
				GCC_PREPROCESSOR_DEFINITIONS = (
					"DEBUG=1",
					"$(inherited)",
				);
				GCC_WARN_64_TO_32_BIT_CONVERSION = YES;
				GCC_WARN_ABOUT_RETURN_TYPE = YES_ERROR;
				GCC_WARN_UNDECLARED_SELECTOR = YES;
				GCC_WARN_UNINITIALIZED_AUTOS = YES_AGGRESSIVE;
				GCC_WARN_UNUSED_FUNCTION = YES;
				GCC_WARN_UNUSED_VARIABLE = YES;
				MACOSX_DEPLOYMENT_TARGET = 10.11;
				MTL_ENABLE_DEBUG_INFO = YES;
				ONLY_ACTIVE_ARCH = YES;
				SDKROOT = macosx;
				SWIFT_OPTIMIZATION_LEVEL = "-Onone";
			};
			name = Debug;
		};
		F7EE22E71D21D9BF006C6029 /* Release */ = {
			isa = XCBuildConfiguration;
			buildSettings = {
				ALWAYS_SEARCH_USER_PATHS = NO;
				CLANG_ANALYZER_NONNULL = YES;
				CLANG_CXX_LANGUAGE_STANDARD = "gnu++0x";
				CLANG_CXX_LIBRARY = "libc++";
				CLANG_ENABLE_MODULES = YES;
				CLANG_ENABLE_OBJC_ARC = YES;
				CLANG_WARN_BOOL_CONVERSION = YES;
				CLANG_WARN_CONSTANT_CONVERSION = YES;
				CLANG_WARN_DIRECT_OBJC_ISA_USAGE = YES_ERROR;
				CLANG_WARN_EMPTY_BODY = YES;
				CLANG_WARN_ENUM_CONVERSION = YES;
				CLANG_WARN_INT_CONVERSION = YES;
				CLANG_WARN_OBJC_ROOT_CLASS = YES_ERROR;
				CLANG_WARN_UNREACHABLE_CODE = YES;
				CLANG_WARN__DUPLICATE_METHOD_MATCH = YES;
				CODE_SIGN_IDENTITY = "-";
				COPY_PHASE_STRIP = NO;
				DEBUG_INFORMATION_FORMAT = "dwarf-with-dsym";
				ENABLE_NS_ASSERTIONS = NO;
				ENABLE_STRICT_OBJC_MSGSEND = YES;
				GCC_C_LANGUAGE_STANDARD = gnu99;
				GCC_NO_COMMON_BLOCKS = YES;
				GCC_WARN_64_TO_32_BIT_CONVERSION = YES;
				GCC_WARN_ABOUT_RETURN_TYPE = YES_ERROR;
				GCC_WARN_UNDECLARED_SELECTOR = YES;
				GCC_WARN_UNINITIALIZED_AUTOS = YES_AGGRESSIVE;
				GCC_WARN_UNUSED_FUNCTION = YES;
				GCC_WARN_UNUSED_VARIABLE = YES;
				MACOSX_DEPLOYMENT_TARGET = 10.11;
				MTL_ENABLE_DEBUG_INFO = NO;
				SDKROOT = macosx;
			};
			name = Release;
		};
		F7EE22E91D21D9BF006C6029 /* Debug */ = {
			isa = XCBuildConfiguration;
			buildSettings = {
				ASSETCATALOG_COMPILER_APPICON_NAME = AppIcon;
				CLANG_ENABLE_MODULES = YES;
				COMBINE_HIDPI_IMAGES = YES;
				INFOPLIST_FILE = "$(SRCROOT)/TicTacToad-macOS/Info.plist";
				LD_RUNPATH_SEARCH_PATHS = "$(inherited) @executable_path/../Frameworks";
				PRODUCT_BUNDLE_IDENTIFIER = org.andyshep.TicTacToad;
				PRODUCT_NAME = "$(TARGET_NAME)";
				SWIFT_OPTIMIZATION_LEVEL = "-Onone";
			};
			name = Debug;
		};
		F7EE22EA1D21D9BF006C6029 /* Release */ = {
			isa = XCBuildConfiguration;
			buildSettings = {
				ASSETCATALOG_COMPILER_APPICON_NAME = AppIcon;
				CLANG_ENABLE_MODULES = YES;
				COMBINE_HIDPI_IMAGES = YES;
				INFOPLIST_FILE = "$(SRCROOT)/TicTacToad-macOS/Info.plist";
				LD_RUNPATH_SEARCH_PATHS = "$(inherited) @executable_path/../Frameworks";
				PRODUCT_BUNDLE_IDENTIFIER = org.andyshep.TicTacToad;
				PRODUCT_NAME = "$(TARGET_NAME)";
			};
			name = Release;
		};
/* End XCBuildConfiguration section */

/* Begin XCConfigurationList section */
		F786B4F11D21DF18004706BC /* Build configuration list for PBXNativeTarget "TicTacToad-iOS" */ = {
			isa = XCConfigurationList;
			buildConfigurations = (
				F786B4F21D21DF18004706BC /* Debug */,
				F786B4F31D21DF18004706BC /* Release */,
			);
			defaultConfigurationIsVisible = 0;
			defaultConfigurationName = Release;
		};
		F786B5251D224218004706BC /* Build configuration list for PBXNativeTarget "TicTacToad-tvOS" */ = {
			isa = XCConfigurationList;
			buildConfigurations = (
				F786B5261D224218004706BC /* Debug */,
				F786B5271D224218004706BC /* Release */,
			);
			defaultConfigurationIsVisible = 0;
			defaultConfigurationName = Release;
		};
		F7EE22D21D21D9BF006C6029 /* Build configuration list for PBXProject "TicTacToad" */ = {
			isa = XCConfigurationList;
			buildConfigurations = (
				F7EE22E61D21D9BF006C6029 /* Debug */,
				F7EE22E71D21D9BF006C6029 /* Release */,
			);
			defaultConfigurationIsVisible = 0;
			defaultConfigurationName = Release;
		};
		F7EE22E81D21D9BF006C6029 /* Build configuration list for PBXNativeTarget "TicTacToad-macOS" */ = {
			isa = XCConfigurationList;
			buildConfigurations = (
				F7EE22E91D21D9BF006C6029 /* Debug */,
				F7EE22EA1D21D9BF006C6029 /* Release */,
			);
			defaultConfigurationIsVisible = 0;
			defaultConfigurationName = Release;
		};
/* End XCConfigurationList section */
	};
	rootObject = F7EE22CF1D21D9BF006C6029 /* Project object */;
}
