// !$*UTF8*$!
{
	archiveVersion = 1;
	classes = {
	};
	objectVersion = 46;
	objects = {

/* Begin PBXBuildFile section */
		F70B0E651D23245B00E06121 /* PlayerXTurnState.swift in Sources */ = {isa = PBXBuildFile; fileRef = F70B0E641D23245B00E06121 /* PlayerXTurnState.swift */; };
		F70B0E671D23248A00E06121 /* PlayerOTurnState.swift in Sources */ = {isa = PBXBuildFile; fileRef = F70B0E661D23248A00E06121 /* PlayerOTurnState.swift */; };
		F70B0E681D23254600E06121 /* PlayerXTurnState.swift in Sources */ = {isa = PBXBuildFile; fileRef = F70B0E641D23245B00E06121 /* PlayerXTurnState.swift */; };
		F70B0E691D23254600E06121 /* PlayerOTurnState.swift in Sources */ = {isa = PBXBuildFile; fileRef = F70B0E661D23248A00E06121 /* PlayerOTurnState.swift */; };
		F70B0E6A1D23254600E06121 /* PlayerXTurnState.swift in Sources */ = {isa = PBXBuildFile; fileRef = F70B0E641D23245B00E06121 /* PlayerXTurnState.swift */; };
		F70B0E6B1D23254600E06121 /* PlayerOTurnState.swift in Sources */ = {isa = PBXBuildFile; fileRef = F70B0E661D23248A00E06121 /* PlayerOTurnState.swift */; };
		F70B0E6D1D2325CD00E06121 /* GameplayStateMachine.swift in Sources */ = {isa = PBXBuildFile; fileRef = F70B0E6C1D2325CD00E06121 /* GameplayStateMachine.swift */; };
		F70B0E6E1D2325DB00E06121 /* GameplayStateMachine.swift in Sources */ = {isa = PBXBuildFile; fileRef = F70B0E6C1D2325CD00E06121 /* GameplayStateMachine.swift */; };
		F70B0E6F1D2325DB00E06121 /* GameplayStateMachine.swift in Sources */ = {isa = PBXBuildFile; fileRef = F70B0E6C1D2325CD00E06121 /* GameplayStateMachine.swift */; };
		F786B4D21D21DEDA004706BC /* AppDelegate.swift in Sources */ = {isa = PBXBuildFile; fileRef = F786B4CD1D21DEDA004706BC /* AppDelegate.swift */; };
		F786B4D91D21DEF6004706BC /* MainMenu.xib in Resources */ = {isa = PBXBuildFile; fileRef = F786B4D71D21DEF6004706BC /* MainMenu.xib */; };
		F786B4E11D21DF18004706BC /* AppDelegate.swift in Sources */ = {isa = PBXBuildFile; fileRef = F786B4E01D21DF18004706BC /* AppDelegate.swift */; };
		F786B4E71D21DF18004706BC /* GameViewController.swift in Sources */ = {isa = PBXBuildFile; fileRef = F786B4E61D21DF18004706BC /* GameViewController.swift */; };
		F786B4EA1D21DF18004706BC /* Main.storyboard in Resources */ = {isa = PBXBuildFile; fileRef = F786B4E81D21DF18004706BC /* Main.storyboard */; };
		F786B4EF1D21DF18004706BC /* LaunchScreen.storyboard in Resources */ = {isa = PBXBuildFile; fileRef = F786B4ED1D21DF18004706BC /* LaunchScreen.storyboard */; };
		F786B4F81D21DF5B004706BC /* Assets.xcassets in Resources */ = {isa = PBXBuildFile; fileRef = F786B4F51D21DF5B004706BC /* Assets.xcassets */; };
		F786B4FA1D21DF5B004706BC /* GameScene.swift in Sources */ = {isa = PBXBuildFile; fileRef = F786B4F71D21DF5B004706BC /* GameScene.swift */; };
		F786B4FB1D21DF5F004706BC /* Assets.xcassets in Resources */ = {isa = PBXBuildFile; fileRef = F786B4F51D21DF5B004706BC /* Assets.xcassets */; };
		F786B4FD1D21DF5F004706BC /* GameScene.swift in Sources */ = {isa = PBXBuildFile; fileRef = F786B4F71D21DF5B004706BC /* GameScene.swift */; };
		F786B4FF1D2235A1004706BC /* SceneManager.swift in Sources */ = {isa = PBXBuildFile; fileRef = F786B4FE1D2235A1004706BC /* SceneManager.swift */; };
		F786B5001D2236E4004706BC /* SceneManager.swift in Sources */ = {isa = PBXBuildFile; fileRef = F786B4FE1D2235A1004706BC /* SceneManager.swift */; };
		F786B5021D22374F004706BC /* MenuScene.swift in Sources */ = {isa = PBXBuildFile; fileRef = F786B5011D22374F004706BC /* MenuScene.swift */; };
		F786B5031D223752004706BC /* MenuScene.swift in Sources */ = {isa = PBXBuildFile; fileRef = F786B5011D22374F004706BC /* MenuScene.swift */; };
		F786B5061D2238A2004706BC /* MenuState.swift in Sources */ = {isa = PBXBuildFile; fileRef = F786B5051D2238A2004706BC /* MenuState.swift */; };
		F786B5071D2238A2004706BC /* MenuState.swift in Sources */ = {isa = PBXBuildFile; fileRef = F786B5051D2238A2004706BC /* MenuState.swift */; };
		F786B50D1D223F6E004706BC /* GameState.swift in Sources */ = {isa = PBXBuildFile; fileRef = F786B50C1D223F6E004706BC /* GameState.swift */; };
		F786B50E1D223F6E004706BC /* GameState.swift in Sources */ = {isa = PBXBuildFile; fileRef = F786B50C1D223F6E004706BC /* GameState.swift */; };
		F786B5161D224218004706BC /* AppDelegate.swift in Sources */ = {isa = PBXBuildFile; fileRef = F786B5151D224218004706BC /* AppDelegate.swift */; };
		F786B51C1D224218004706BC /* GameViewController.swift in Sources */ = {isa = PBXBuildFile; fileRef = F786B51B1D224218004706BC /* GameViewController.swift */; };
		F786B5211D224218004706BC /* Main.storyboard in Resources */ = {isa = PBXBuildFile; fileRef = F786B51F1D224218004706BC /* Main.storyboard */; };
		F786B5281D224292004706BC /* MenuState.swift in Sources */ = {isa = PBXBuildFile; fileRef = F786B5051D2238A2004706BC /* MenuState.swift */; };
		F786B5291D224292004706BC /* GameState.swift in Sources */ = {isa = PBXBuildFile; fileRef = F786B50C1D223F6E004706BC /* GameState.swift */; };
		F786B52A1D224296004706BC /* SceneManager.swift in Sources */ = {isa = PBXBuildFile; fileRef = F786B4FE1D2235A1004706BC /* SceneManager.swift */; };
		F786B52B1D224296004706BC /* GameScene.swift in Sources */ = {isa = PBXBuildFile; fileRef = F786B4F71D21DF5B004706BC /* GameScene.swift */; };
		F786B52C1D224296004706BC /* MenuScene.swift in Sources */ = {isa = PBXBuildFile; fileRef = F786B5011D22374F004706BC /* MenuScene.swift */; };
		F786B52D1D224299004706BC /* Assets.xcassets in Resources */ = {isa = PBXBuildFile; fileRef = F786B4F51D21DF5B004706BC /* Assets.xcassets */; };
		F78D808A1D231E6000F7141A /* GlyphNode.swift in Sources */ = {isa = PBXBuildFile; fileRef = F78D80891D231E6000F7141A /* GlyphNode.swift */; };
		F78D808B1D231E7400F7141A /* GlyphNode.swift in Sources */ = {isa = PBXBuildFile; fileRef = F78D80891D231E6000F7141A /* GlyphNode.swift */; };
		F78D808C1D231E7400F7141A /* GlyphNode.swift in Sources */ = {isa = PBXBuildFile; fileRef = F78D80891D231E6000F7141A /* GlyphNode.swift */; };
		F7AEA51A1D23845C00CC4F81 /* HexColors.swift in Sources */ = {isa = PBXBuildFile; fileRef = F7D0F5041D232F5000B6AF6D /* HexColors.swift */; };
		F7AEA51B1D23845D00CC4F81 /* HexColors.swift in Sources */ = {isa = PBXBuildFile; fileRef = F7D0F5041D232F5000B6AF6D /* HexColors.swift */; };
		F7C8885E1D22D826008271B1 /* ButtonIdentifier.swift in Sources */ = {isa = PBXBuildFile; fileRef = F7C8885D1D22D826008271B1 /* ButtonIdentifier.swift */; };
		F7C8885F1D22D826008271B1 /* ButtonIdentifier.swift in Sources */ = {isa = PBXBuildFile; fileRef = F7C8885D1D22D826008271B1 /* ButtonIdentifier.swift */; };
		F7C888601D22D826008271B1 /* ButtonIdentifier.swift in Sources */ = {isa = PBXBuildFile; fileRef = F7C8885D1D22D826008271B1 /* ButtonIdentifier.swift */; };
		F7D0F4FD1D232A6C00B6AF6D /* CheckBoardState.swift in Sources */ = {isa = PBXBuildFile; fileRef = F7D0F4FC1D232A6C00B6AF6D /* CheckBoardState.swift */; };
		F7D0F4FE1D232A6C00B6AF6D /* CheckBoardState.swift in Sources */ = {isa = PBXBuildFile; fileRef = F7D0F4FC1D232A6C00B6AF6D /* CheckBoardState.swift */; };
		F7D0F4FF1D232A6C00B6AF6D /* CheckBoardState.swift in Sources */ = {isa = PBXBuildFile; fileRef = F7D0F4FC1D232A6C00B6AF6D /* CheckBoardState.swift */; };
		F7D0F5051D232F5000B6AF6D /* HexColors.swift in Sources */ = {isa = PBXBuildFile; fileRef = F7D0F5041D232F5000B6AF6D /* HexColors.swift */; };
		F7D0F50B1D2371DB00B6AF6D /* SharedTypes.swift in Sources */ = {isa = PBXBuildFile; fileRef = F7D0F50A1D2371DB00B6AF6D /* SharedTypes.swift */; };
		F7D0F50C1D2371DB00B6AF6D /* SharedTypes.swift in Sources */ = {isa = PBXBuildFile; fileRef = F7D0F50A1D2371DB00B6AF6D /* SharedTypes.swift */; };
		F7D0F50D1D2371DB00B6AF6D /* SharedTypes.swift in Sources */ = {isa = PBXBuildFile; fileRef = F7D0F50A1D2371DB00B6AF6D /* SharedTypes.swift */; };
		F7D0F50F1D2372A600B6AF6D /* PositionNode.swift in Sources */ = {isa = PBXBuildFile; fileRef = F7D0F50E1D2372A600B6AF6D /* PositionNode.swift */; };
		F7D0F5101D2372A600B6AF6D /* PositionNode.swift in Sources */ = {isa = PBXBuildFile; fileRef = F7D0F50E1D2372A600B6AF6D /* PositionNode.swift */; };
		F7D0F5111D2372A600B6AF6D /* PositionNode.swift in Sources */ = {isa = PBXBuildFile; fileRef = F7D0F50E1D2372A600B6AF6D /* PositionNode.swift */; };
		F7D0F5131D2375E200B6AF6D /* Style.swift in Sources */ = {isa = PBXBuildFile; fileRef = F7D0F5121D2375E200B6AF6D /* Style.swift */; };
		F7D0F5141D2375E200B6AF6D /* Style.swift in Sources */ = {isa = PBXBuildFile; fileRef = F7D0F5121D2375E200B6AF6D /* Style.swift */; };
		F7D0F5151D2375E200B6AF6D /* Style.swift in Sources */ = {isa = PBXBuildFile; fileRef = F7D0F5121D2375E200B6AF6D /* Style.swift */; };
		F7D48D051D22A2450086FF35 /* MenuButton.swift in Sources */ = {isa = PBXBuildFile; fileRef = F7D48D041D22A2450086FF35 /* MenuButton.swift */; };
		F7D48D061D22A2450086FF35 /* MenuButton.swift in Sources */ = {isa = PBXBuildFile; fileRef = F7D48D041D22A2450086FF35 /* MenuButton.swift */; };
		F7D48D071D22A2450086FF35 /* MenuButton.swift in Sources */ = {isa = PBXBuildFile; fileRef = F7D48D041D22A2450086FF35 /* MenuButton.swift */; };
/* End PBXBuildFile section */

/* Begin PBXFileReference section */
		F70B0E641D23245B00E06121 /* PlayerXTurnState.swift */ = {isa = PBXFileReference; fileEncoding = 4; lastKnownFileType = sourcecode.swift; name = PlayerXTurnState.swift; path = Shared/PlayerXTurnState.swift; sourceTree = "<group>"; };
		F70B0E661D23248A00E06121 /* PlayerOTurnState.swift */ = {isa = PBXFileReference; fileEncoding = 4; lastKnownFileType = sourcecode.swift; name = PlayerOTurnState.swift; path = Shared/PlayerOTurnState.swift; sourceTree = "<group>"; };
		F70B0E6C1D2325CD00E06121 /* GameplayStateMachine.swift */ = {isa = PBXFileReference; fileEncoding = 4; lastKnownFileType = sourcecode.swift; name = GameplayStateMachine.swift; path = Shared/GameplayStateMachine.swift; sourceTree = "<group>"; };
		F786B4CD1D21DEDA004706BC /* AppDelegate.swift */ = {isa = PBXFileReference; fileEncoding = 4; lastKnownFileType = sourcecode.swift; name = AppDelegate.swift; path = "TicTacToad-macOS/AppDelegate.swift"; sourceTree = SOURCE_ROOT; };
		F786B4D11D21DEDA004706BC /* Info.plist */ = {isa = PBXFileReference; fileEncoding = 4; lastKnownFileType = text.plist.xml; name = Info.plist; path = "TicTacToad-macOS/Info.plist"; sourceTree = SOURCE_ROOT; };
		F786B4D81D21DEF6004706BC /* Base */ = {isa = PBXFileReference; lastKnownFileType = file.xib; name = Base; path = "TicTacToad-macOS/Base.lproj/MainMenu.xib"; sourceTree = SOURCE_ROOT; };
		F786B4DE1D21DF18004706BC /* TicTacToad-iOS.app */ = {isa = PBXFileReference; explicitFileType = wrapper.application; includeInIndex = 0; path = "TicTacToad-iOS.app"; sourceTree = BUILT_PRODUCTS_DIR; };
		F786B4E01D21DF18004706BC /* AppDelegate.swift */ = {isa = PBXFileReference; lastKnownFileType = sourcecode.swift; path = AppDelegate.swift; sourceTree = "<group>"; };
		F786B4E61D21DF18004706BC /* GameViewController.swift */ = {isa = PBXFileReference; lastKnownFileType = sourcecode.swift; path = GameViewController.swift; sourceTree = "<group>"; };
		F786B4E91D21DF18004706BC /* Base */ = {isa = PBXFileReference; lastKnownFileType = file.storyboard; name = Base; path = Base.lproj/Main.storyboard; sourceTree = "<group>"; };
		F786B4EE1D21DF18004706BC /* Base */ = {isa = PBXFileReference; lastKnownFileType = file.storyboard; name = Base; path = Base.lproj/LaunchScreen.storyboard; sourceTree = "<group>"; };
		F786B4F01D21DF18004706BC /* Info.plist */ = {isa = PBXFileReference; lastKnownFileType = text.plist.xml; path = Info.plist; sourceTree = "<group>"; };
		F786B4F51D21DF5B004706BC /* Assets.xcassets */ = {isa = PBXFileReference; lastKnownFileType = folder.assetcatalog; name = Assets.xcassets; path = Shared/Assets.xcassets; sourceTree = "<group>"; };
		F786B4F71D21DF5B004706BC /* GameScene.swift */ = {isa = PBXFileReference; fileEncoding = 4; lastKnownFileType = sourcecode.swift; name = GameScene.swift; path = Shared/GameScene.swift; sourceTree = "<group>"; };
		F786B4FE1D2235A1004706BC /* SceneManager.swift */ = {isa = PBXFileReference; fileEncoding = 4; lastKnownFileType = sourcecode.swift; name = SceneManager.swift; path = Shared/SceneManager.swift; sourceTree = "<group>"; };
		F786B5011D22374F004706BC /* MenuScene.swift */ = {isa = PBXFileReference; fileEncoding = 4; lastKnownFileType = sourcecode.swift; name = MenuScene.swift; path = Shared/MenuScene.swift; sourceTree = "<group>"; };
		F786B5051D2238A2004706BC /* MenuState.swift */ = {isa = PBXFileReference; fileEncoding = 4; lastKnownFileType = sourcecode.swift; name = MenuState.swift; path = Shared/MenuState.swift; sourceTree = "<group>"; };
		F786B50C1D223F6E004706BC /* GameState.swift */ = {isa = PBXFileReference; fileEncoding = 4; lastKnownFileType = sourcecode.swift; name = GameState.swift; path = Shared/GameState.swift; sourceTree = "<group>"; };
		F786B5131D224218004706BC /* TicTacToad-tvOS.app */ = {isa = PBXFileReference; explicitFileType = wrapper.application; includeInIndex = 0; path = "TicTacToad-tvOS.app"; sourceTree = BUILT_PRODUCTS_DIR; };
		F786B5151D224218004706BC /* AppDelegate.swift */ = {isa = PBXFileReference; lastKnownFileType = sourcecode.swift; path = AppDelegate.swift; sourceTree = "<group>"; };
		F786B51B1D224218004706BC /* GameViewController.swift */ = {isa = PBXFileReference; lastKnownFileType = sourcecode.swift; path = GameViewController.swift; sourceTree = "<group>"; };
		F786B5201D224218004706BC /* Base */ = {isa = PBXFileReference; lastKnownFileType = file.storyboard; name = Base; path = Base.lproj/Main.storyboard; sourceTree = "<group>"; };
		F786B5241D224218004706BC /* Info.plist */ = {isa = PBXFileReference; lastKnownFileType = text.plist.xml; path = Info.plist; sourceTree = "<group>"; };
		F78D80891D231E6000F7141A /* GlyphNode.swift */ = {isa = PBXFileReference; fileEncoding = 4; lastKnownFileType = sourcecode.swift; name = GlyphNode.swift; path = Shared/GlyphNode.swift; sourceTree = "<group>"; };
		F7C8885D1D22D826008271B1 /* ButtonIdentifier.swift */ = {isa = PBXFileReference; fileEncoding = 4; lastKnownFileType = sourcecode.swift; name = ButtonIdentifier.swift; path = Shared/ButtonIdentifier.swift; sourceTree = "<group>"; };
		F7D0F4FC1D232A6C00B6AF6D /* CheckBoardState.swift */ = {isa = PBXFileReference; fileEncoding = 4; lastKnownFileType = sourcecode.swift; name = CheckBoardState.swift; path = Shared/CheckBoardState.swift; sourceTree = "<group>"; };
		F7D0F5041D232F5000B6AF6D /* HexColors.swift */ = {isa = PBXFileReference; fileEncoding = 4; lastKnownFileType = sourcecode.swift; name = HexColors.swift; path = Shared/HexColors.swift; sourceTree = "<group>"; };
		F7D0F50A1D2371DB00B6AF6D /* SharedTypes.swift */ = {isa = PBXFileReference; fileEncoding = 4; lastKnownFileType = sourcecode.swift; name = SharedTypes.swift; path = Shared/SharedTypes.swift; sourceTree = "<group>"; };
		F7D0F50E1D2372A600B6AF6D /* PositionNode.swift */ = {isa = PBXFileReference; fileEncoding = 4; lastKnownFileType = sourcecode.swift; name = PositionNode.swift; path = Shared/PositionNode.swift; sourceTree = "<group>"; };
		F7D0F5121D2375E200B6AF6D /* Style.swift */ = {isa = PBXFileReference; fileEncoding = 4; lastKnownFileType = sourcecode.swift; name = Style.swift; path = Shared/Style.swift; sourceTree = "<group>"; };
		F7D48D041D22A2450086FF35 /* MenuButton.swift */ = {isa = PBXFileReference; fileEncoding = 4; lastKnownFileType = sourcecode.swift; name = MenuButton.swift; path = Shared/MenuButton.swift; sourceTree = "<group>"; };
		F7EE22D71D21D9BF006C6029 /* TicTacToad-macOS.app */ = {isa = PBXFileReference; explicitFileType = wrapper.application; includeInIndex = 0; path = "TicTacToad-macOS.app"; sourceTree = BUILT_PRODUCTS_DIR; };
/* End PBXFileReference section */

/* Begin PBXFrameworksBuildPhase section */
		F786B4DB1D21DF18004706BC /* Frameworks */ = {
			isa = PBXFrameworksBuildPhase;
			buildActionMask = 2147483647;
			files = (
			);
			runOnlyForDeploymentPostprocessing = 0;
		};
		F786B5101D224218004706BC /* Frameworks */ = {
			isa = PBXFrameworksBuildPhase;
			buildActionMask = 2147483647;
			files = (
			);
			runOnlyForDeploymentPostprocessing = 0;
		};
		F7EE22D41D21D9BF006C6029 /* Frameworks */ = {
			isa = PBXFrameworksBuildPhase;
			buildActionMask = 2147483647;
			files = (
			);
			runOnlyForDeploymentPostprocessing = 0;
		};
/* End PBXFrameworksBuildPhase section */

/* Begin PBXGroup section */
		F786B4DF1D21DF18004706BC /* TicTacToad-iOS */ = {
			isa = PBXGroup;
			children = (
				F786B4E01D21DF18004706BC /* AppDelegate.swift */,
				F786B4E61D21DF18004706BC /* GameViewController.swift */,
				F786B4E81D21DF18004706BC /* Main.storyboard */,
				F786B4ED1D21DF18004706BC /* LaunchScreen.storyboard */,
				F786B4F01D21DF18004706BC /* Info.plist */,
			);
			path = "TicTacToad-iOS";
			sourceTree = "<group>";
		};
		F786B4F41D21DF46004706BC /* Shared */ = {
			isa = PBXGroup;
			children = (
				F7D0F5091D2371B400B6AF6D /* Extensions */,
				F7D0F5081D2371A100B6AF6D /* Nodes */,
				F7C8885C1D22D804008271B1 /* Buttons */,
				F786B5081D2238F0004706BC /* States */,
				F786B5041D223879004706BC /* Scenes */,
				F786B4F51D21DF5B004706BC /* Assets.xcassets */,
			);
			name = Shared;
			sourceTree = "<group>";
		};
		F786B5041D223879004706BC /* Scenes */ = {
			isa = PBXGroup;
			children = (
				F786B4FE1D2235A1004706BC /* SceneManager.swift */,
				F786B4F71D21DF5B004706BC /* GameScene.swift */,
				F786B5011D22374F004706BC /* MenuScene.swift */,
			);
			name = Scenes;
			sourceTree = "<group>";
		};
		F786B5081D2238F0004706BC /* States */ = {
			isa = PBXGroup;
			children = (
				F786B5051D2238A2004706BC /* MenuState.swift */,
				F786B50C1D223F6E004706BC /* GameState.swift */,
				F70B0E641D23245B00E06121 /* PlayerXTurnState.swift */,
				F70B0E661D23248A00E06121 /* PlayerOTurnState.swift */,
				F70B0E6C1D2325CD00E06121 /* GameplayStateMachine.swift */,
				F7D0F4FC1D232A6C00B6AF6D /* CheckBoardState.swift */,
			);
			name = States;
			sourceTree = "<group>";
		};
		F786B5141D224218004706BC /* TicTacToad-tvOS */ = {
			isa = PBXGroup;
			children = (
				F786B5151D224218004706BC /* AppDelegate.swift */,
				F786B51B1D224218004706BC /* GameViewController.swift */,
				F786B51F1D224218004706BC /* Main.storyboard */,
				F786B5241D224218004706BC /* Info.plist */,
			);
			path = "TicTacToad-tvOS";
			sourceTree = "<group>";
		};
		F7C8885C1D22D804008271B1 /* Buttons */ = {
			isa = PBXGroup;
			children = (
				F7D48D041D22A2450086FF35 /* MenuButton.swift */,
				F7C8885D1D22D826008271B1 /* ButtonIdentifier.swift */,
			);
			name = Buttons;
			sourceTree = "<group>";
		};
		F7D0F5081D2371A100B6AF6D /* Nodes */ = {
			isa = PBXGroup;
			children = (
				F78D80891D231E6000F7141A /* GlyphNode.swift */,
				F7D0F50E1D2372A600B6AF6D /* PositionNode.swift */,
			);
			name = Nodes;
			sourceTree = "<group>";
		};
		F7D0F5091D2371B400B6AF6D /* Extensions */ = {
			isa = PBXGroup;
			children = (
				F7D0F5121D2375E200B6AF6D /* Style.swift */,
				F7D0F5041D232F5000B6AF6D /* HexColors.swift */,
				F7D0F50A1D2371DB00B6AF6D /* SharedTypes.swift */,
			);
			name = Extensions;
			sourceTree = "<group>";
		};
		F7EE22CE1D21D9BF006C6029 = {
			isa = PBXGroup;
			children = (
				F786B4F41D21DF46004706BC /* Shared */,
				F7EE22D91D21D9BF006C6029 /* TicTacToad-macOS */,
				F786B4DF1D21DF18004706BC /* TicTacToad-iOS */,
				F786B5141D224218004706BC /* TicTacToad-tvOS */,
				F7EE22D81D21D9BF006C6029 /* Products */,
			);
			sourceTree = "<group>";
		};
		F7EE22D81D21D9BF006C6029 /* Products */ = {
			isa = PBXGroup;
			children = (
				F7EE22D71D21D9BF006C6029 /* TicTacToad-macOS.app */,
				F786B4DE1D21DF18004706BC /* TicTacToad-iOS.app */,
				F786B5131D224218004706BC /* TicTacToad-tvOS.app */,
			);
			name = Products;
			sourceTree = "<group>";
		};
		F7EE22D91D21D9BF006C6029 /* TicTacToad-macOS */ = {
			isa = PBXGroup;
			children = (
				F786B4CD1D21DEDA004706BC /* AppDelegate.swift */,
				F786B4D71D21DEF6004706BC /* MainMenu.xib */,
				F786B4D11D21DEDA004706BC /* Info.plist */,
			);
			name = "TicTacToad-macOS";
			path = TicTacToad;
			sourceTree = "<group>";
		};
/* End PBXGroup section */

/* Begin PBXNativeTarget section */
		F786B4DD1D21DF18004706BC /* TicTacToad-iOS */ = {
			isa = PBXNativeTarget;
			buildConfigurationList = F786B4F11D21DF18004706BC /* Build configuration list for PBXNativeTarget "TicTacToad-iOS" */;
			buildPhases = (
				F786B4DA1D21DF18004706BC /* Sources */,
				F786B4DB1D21DF18004706BC /* Frameworks */,
				F786B4DC1D21DF18004706BC /* Resources */,
			);
			buildRules = (
			);
			dependencies = (
			);
			name = "TicTacToad-iOS";
			productName = "TicTacToad-iOS";
			productReference = F786B4DE1D21DF18004706BC /* TicTacToad-iOS.app */;
			productType = "com.apple.product-type.application";
		};
		F786B5121D224218004706BC /* TicTacToad-tvOS */ = {
			isa = PBXNativeTarget;
			buildConfigurationList = F786B5251D224218004706BC /* Build configuration list for PBXNativeTarget "TicTacToad-tvOS" */;
			buildPhases = (
				F786B50F1D224218004706BC /* Sources */,
				F786B5101D224218004706BC /* Frameworks */,
				F786B5111D224218004706BC /* Resources */,
			);
			buildRules = (
			);
			dependencies = (
			);
			name = "TicTacToad-tvOS";
			productName = "TicTacToad-tvOS";
			productReference = F786B5131D224218004706BC /* TicTacToad-tvOS.app */;
			productType = "com.apple.product-type.application";
		};
		F7EE22D61D21D9BF006C6029 /* TicTacToad-macOS */ = {
			isa = PBXNativeTarget;
			buildConfigurationList = F7EE22E81D21D9BF006C6029 /* Build configuration list for PBXNativeTarget "TicTacToad-macOS" */;
			buildPhases = (
				F7EE22D31D21D9BF006C6029 /* Sources */,
				F7EE22D41D21D9BF006C6029 /* Frameworks */,
				F7EE22D51D21D9BF006C6029 /* Resources */,
			);
			buildRules = (
			);
			dependencies = (
			);
			name = "TicTacToad-macOS";
			productName = TicTacToad;
			productReference = F7EE22D71D21D9BF006C6029 /* TicTacToad-macOS.app */;
			productType = "com.apple.product-type.application";
		};
/* End PBXNativeTarget section */

/* Begin PBXProject section */
		F7EE22CF1D21D9BF006C6029 /* Project object */ = {
			isa = PBXProject;
			attributes = {
				LastSwiftUpdateCheck = 0730;
				LastUpgradeCheck = 0730;
				ORGANIZATIONNAME = "Andrew Shepard";
				TargetAttributes = {
					F786B4DD1D21DF18004706BC = {
						CreatedOnToolsVersion = 7.3.1;
					};
					F786B5121D224218004706BC = {
						CreatedOnToolsVersion = 7.3.1;
					};
					F7EE22D61D21D9BF006C6029 = {
						CreatedOnToolsVersion = 7.3.1;
					};
				};
			};
			buildConfigurationList = F7EE22D21D21D9BF006C6029 /* Build configuration list for PBXProject "TicTacToad" */;
			compatibilityVersion = "Xcode 3.2";
			developmentRegion = English;
			hasScannedForEncodings = 0;
			knownRegions = (
				en,
				Base,
			);
			mainGroup = F7EE22CE1D21D9BF006C6029;
			productRefGroup = F7EE22D81D21D9BF006C6029 /* Products */;
			projectDirPath = "";
			projectRoot = "";
			targets = (
				F7EE22D61D21D9BF006C6029 /* TicTacToad-macOS */,
				F786B4DD1D21DF18004706BC /* TicTacToad-iOS */,
				F786B5121D224218004706BC /* TicTacToad-tvOS */,
			);
		};
/* End PBXProject section */

/* Begin PBXResourcesBuildPhase section */
		F786B4DC1D21DF18004706BC /* Resources */ = {
			isa = PBXResourcesBuildPhase;
			buildActionMask = 2147483647;
			files = (
				F786B4EF1D21DF18004706BC /* LaunchScreen.storyboard in Resources */,
				F786B4FB1D21DF5F004706BC /* Assets.xcassets in Resources */,
				F786B4EA1D21DF18004706BC /* Main.storyboard in Resources */,
			);
			runOnlyForDeploymentPostprocessing = 0;
		};
		F786B5111D224218004706BC /* Resources */ = {
			isa = PBXResourcesBuildPhase;
			buildActionMask = 2147483647;
			files = (
				F786B52D1D224299004706BC /* Assets.xcassets in Resources */,
				F786B5211D224218004706BC /* Main.storyboard in Resources */,
			);
			runOnlyForDeploymentPostprocessing = 0;
		};
		F7EE22D51D21D9BF006C6029 /* Resources */ = {
			isa = PBXResourcesBuildPhase;
			buildActionMask = 2147483647;
			files = (
				F786B4F81D21DF5B004706BC /* Assets.xcassets in Resources */,
				F786B4D91D21DEF6004706BC /* MainMenu.xib in Resources */,
			);
			runOnlyForDeploymentPostprocessing = 0;
		};
/* End PBXResourcesBuildPhase section */

/* Begin PBXSourcesBuildPhase section */
		F786B4DA1D21DF18004706BC /* Sources */ = {
			isa = PBXSourcesBuildPhase;
			buildActionMask = 2147483647;
			files = (
				F786B50E1D223F6E004706BC /* GameState.swift in Sources */,
				F70B0E6E1D2325DB00E06121 /* GameplayStateMachine.swift in Sources */,
				F786B5071D2238A2004706BC /* MenuState.swift in Sources */,
				F786B4E71D21DF18004706BC /* GameViewController.swift in Sources */,
				F786B4FD1D21DF5F004706BC /* GameScene.swift in Sources */,
				F78D808B1D231E7400F7141A /* GlyphNode.swift in Sources */,
				F7D48D061D22A2450086FF35 /* MenuButton.swift in Sources */,
				F786B5001D2236E4004706BC /* SceneManager.swift in Sources */,
				F7D0F5101D2372A600B6AF6D /* PositionNode.swift in Sources */,
				F7D0F50C1D2371DB00B6AF6D /* SharedTypes.swift in Sources */,
				F70B0E691D23254600E06121 /* PlayerOTurnState.swift in Sources */,
				F7D0F4FE1D232A6C00B6AF6D /* CheckBoardState.swift in Sources */,
				F70B0E681D23254600E06121 /* PlayerXTurnState.swift in Sources */,
				F7AEA51A1D23845C00CC4F81 /* HexColors.swift in Sources */,
				F7C8885F1D22D826008271B1 /* ButtonIdentifier.swift in Sources */,
				F7D0F5141D2375E200B6AF6D /* Style.swift in Sources */,
				F786B5031D223752004706BC /* MenuScene.swift in Sources */,
				F786B4E11D21DF18004706BC /* AppDelegate.swift in Sources */,
			);
			runOnlyForDeploymentPostprocessing = 0;
		};
		F786B50F1D224218004706BC /* Sources */ = {
			isa = PBXSourcesBuildPhase;
			buildActionMask = 2147483647;
			files = (
				F786B52B1D224296004706BC /* GameScene.swift in Sources */,
				F70B0E6F1D2325DB00E06121 /* GameplayStateMachine.swift in Sources */,
				F786B5281D224292004706BC /* MenuState.swift in Sources */,
				F786B5291D224292004706BC /* GameState.swift in Sources */,
				F786B52C1D224296004706BC /* MenuScene.swift in Sources */,
				F78D808C1D231E7400F7141A /* GlyphNode.swift in Sources */,
				F7D48D071D22A2450086FF35 /* MenuButton.swift in Sources */,
				F786B52A1D224296004706BC /* SceneManager.swift in Sources */,
				F7D0F5111D2372A600B6AF6D /* PositionNode.swift in Sources */,
				F7D0F50D1D2371DB00B6AF6D /* SharedTypes.swift in Sources */,
				F70B0E6B1D23254600E06121 /* PlayerOTurnState.swift in Sources */,
				F7D0F4FF1D232A6C00B6AF6D /* CheckBoardState.swift in Sources */,
				F70B0E6A1D23254600E06121 /* PlayerXTurnState.swift in Sources */,
				F7AEA51B1D23845D00CC4F81 /* HexColors.swift in Sources */,
				F7C888601D22D826008271B1 /* ButtonIdentifier.swift in Sources */,
				F7D0F5151D2375E200B6AF6D /* Style.swift in Sources */,
				F786B51C1D224218004706BC /* GameViewController.swift in Sources */,
				F786B5161D224218004706BC /* AppDelegate.swift in Sources */,
			);
			runOnlyForDeploymentPostprocessing = 0;
		};
		F7EE22D31D21D9BF006C6029 /* Sources */ = {
			isa = PBXSourcesBuildPhase;
			buildActionMask = 2147483647;
			files = (
				F70B0E671D23248A00E06121 /* PlayerOTurnState.swift in Sources */,
				F786B4FA1D21DF5B004706BC /* GameScene.swift in Sources */,
				F786B4FF1D2235A1004706BC /* SceneManager.swift in Sources */,
				F7D0F50B1D2371DB00B6AF6D /* SharedTypes.swift in Sources */,
				F70B0E6D1D2325CD00E06121 /* GameplayStateMachine.swift in Sources */,
				F7D0F5051D232F5000B6AF6D /* HexColors.swift in Sources */,
				F7D48D051D22A2450086FF35 /* MenuButton.swift in Sources */,
				F78D808A1D231E6000F7141A /* GlyphNode.swift in Sources */,
				F7D0F50F1D2372A600B6AF6D /* PositionNode.swift in Sources */,
				F7D0F4FD1D232A6C00B6AF6D /* CheckBoardState.swift in Sources */,
				F786B5021D22374F004706BC /* MenuScene.swift in Sources */,
				F70B0E651D23245B00E06121 /* PlayerXTurnState.swift in Sources */,
				F786B50D1D223F6E004706BC /* GameState.swift in Sources */,
				F786B4D21D21DEDA004706BC /* AppDelegate.swift in Sources */,
				F7D0F5131D2375E200B6AF6D /* Style.swift in Sources */,
				F7C8885E1D22D826008271B1 /* ButtonIdentifier.swift in Sources */,
				F786B5061D2238A2004706BC /* MenuState.swift in Sources */,
			);
			runOnlyForDeploymentPostprocessing = 0;
		};
/* End PBXSourcesBuildPhase section */

/* Begin PBXVariantGroup section */
		F786B4D71D21DEF6004706BC /* MainMenu.xib */ = {
			isa = PBXVariantGroup;
			children = (
				F786B4D81D21DEF6004706BC /* Base */,
			);
			name = MainMenu.xib;
			sourceTree = "<group>";
		};
		F786B4E81D21DF18004706BC /* Main.storyboard */ = {
			isa = PBXVariantGroup;
			children = (
				F786B4E91D21DF18004706BC /* Base */,
			);
			name = Main.storyboard;
			sourceTree = "<group>";
		};
		F786B4ED1D21DF18004706BC /* LaunchScreen.storyboard */ = {
			isa = PBXVariantGroup;
			children = (
				F786B4EE1D21DF18004706BC /* Base */,
			);
			name = LaunchScreen.storyboard;
			sourceTree = "<group>";
		};
		F786B51F1D224218004706BC /* Main.storyboard */ = {
			isa = PBXVariantGroup;
			children = (
				F786B5201D224218004706BC /* Base */,
			);
			name = Main.storyboard;
			sourceTree = "<group>";
		};
/* End PBXVariantGroup section */

/* Begin XCBuildConfiguration section */
		F786B4F21D21DF18004706BC /* Debug */ = {
			isa = XCBuildConfiguration;
			buildSettings = {
				ASSETCATALOG_COMPILER_APPICON_NAME = AppIcon;
				"CODE_SIGN_IDENTITY[sdk=iphoneos*]" = "iPhone Developer";
				INFOPLIST_FILE = "TicTacToad-iOS/Info.plist";
				IPHONEOS_DEPLOYMENT_TARGET = 9.3;
				LD_RUNPATH_SEARCH_PATHS = "$(inherited) @executable_path/Frameworks";
				PRODUCT_BUNDLE_IDENTIFIER = "org.andyshep.TicTacToad-iOS";
				PRODUCT_NAME = "$(TARGET_NAME)";
				SDKROOT = iphoneos;
				TARGETED_DEVICE_FAMILY = "1,2";
			};
			name = Debug;
		};
		F786B4F31D21DF18004706BC /* Release */ = {
			isa = XCBuildConfiguration;
			buildSettings = {
				ASSETCATALOG_COMPILER_APPICON_NAME = AppIcon;
				"CODE_SIGN_IDENTITY[sdk=iphoneos*]" = "iPhone Developer";
				INFOPLIST_FILE = "TicTacToad-iOS/Info.plist";
				IPHONEOS_DEPLOYMENT_TARGET = 9.3;
				LD_RUNPATH_SEARCH_PATHS = "$(inherited) @executable_path/Frameworks";
				PRODUCT_BUNDLE_IDENTIFIER = "org.andyshep.TicTacToad-iOS";
				PRODUCT_NAME = "$(TARGET_NAME)";
				SDKROOT = iphoneos;
				TARGETED_DEVICE_FAMILY = "1,2";
				VALIDATE_PRODUCT = YES;
			};
			name = Release;
		};
		F786B5261D224218004706BC /* Debug */ = {
			isa = XCBuildConfiguration;
			buildSettings = {
				ASSETCATALOG_COMPILER_APPICON_NAME = "App Icon & Top Shelf Image";
				ASSETCATALOG_COMPILER_LAUNCHIMAGE_NAME = LaunchImage;
				INFOPLIST_FILE = "TicTacToad-tvOS/Info.plist";
				LD_RUNPATH_SEARCH_PATHS = "$(inherited) @executable_path/Frameworks";
				PRODUCT_BUNDLE_IDENTIFIER = "org.andyshep.TicTacToad-tvOS";
				PRODUCT_NAME = "$(TARGET_NAME)";
				SDKROOT = appletvos;
				TARGETED_DEVICE_FAMILY = 3;
				TVOS_DEPLOYMENT_TARGET = 9.2;
			};
			name = Debug;
		};
		F786B5271D224218004706BC /* Release */ = {
			isa = XCBuildConfiguration;
			buildSettings = {
				ASSETCATALOG_COMPILER_APPICON_NAME = "App Icon & Top Shelf Image";
				ASSETCATALOG_COMPILER_LAUNCHIMAGE_NAME = LaunchImage;
				INFOPLIST_FILE = "TicTacToad-tvOS/Info.plist";
				LD_RUNPATH_SEARCH_PATHS = "$(inherited) @executable_path/Frameworks";
				PRODUCT_BUNDLE_IDENTIFIER = "org.andyshep.TicTacToad-tvOS";
				PRODUCT_NAME = "$(TARGET_NAME)";
				SDKROOT = appletvos;
				TARGETED_DEVICE_FAMILY = 3;
				TVOS_DEPLOYMENT_TARGET = 9.2;
				VALIDATE_PRODUCT = YES;
			};
			name = Release;
		};
		F7EE22E61D21D9BF006C6029 /* Debug */ = {
			isa = XCBuildConfiguration;
			buildSettings = {
				ALWAYS_SEARCH_USER_PATHS = NO;
				CLANG_ANALYZER_NONNULL = YES;
				CLANG_CXX_LANGUAGE_STANDARD = "gnu++0x";
				CLANG_CXX_LIBRARY = "libc++";
				CLANG_ENABLE_MODULES = YES;
				CLANG_ENABLE_OBJC_ARC = YES;
				CLANG_WARN_BOOL_CONVERSION = YES;
				CLANG_WARN_CONSTANT_CONVERSION = YES;
				CLANG_WARN_DIRECT_OBJC_ISA_USAGE = YES_ERROR;
				CLANG_WARN_EMPTY_BODY = YES;
				CLANG_WARN_ENUM_CONVERSION = YES;
				CLANG_WARN_INT_CONVERSION = YES;
				CLANG_WARN_OBJC_ROOT_CLASS = YES_ERROR;
				CLANG_WARN_UNREACHABLE_CODE = YES;
				CLANG_WARN__DUPLICATE_METHOD_MATCH = YES;
				CODE_SIGN_IDENTITY = "-";
				COPY_PHASE_STRIP = NO;
				DEBUG_INFORMATION_FORMAT = "dwarf-with-dsym";
				ENABLE_STRICT_OBJC_MSGSEND = YES;
				ENABLE_TESTABILITY = YES;
				GCC_C_LANGUAGE_STANDARD = gnu99;
				GCC_DYNAMIC_NO_PIC = NO;
				GCC_NO_COMMON_BLOCKS = YES;
				GCC_OPTIMIZATION_LEVEL = 0;
				GCC_PREPROCESSOR_DEFINITIONS = (
					"DEBUG=1",
					"$(inherited)",
				);
				GCC_WARN_64_TO_32_BIT_CONVERSION = YES;
				GCC_WARN_ABOUT_RETURN_TYPE = YES_ERROR;
				GCC_WARN_UNDECLARED_SELECTOR = YES;
				GCC_WARN_UNINITIALIZED_AUTOS = YES_AGGRESSIVE;
				GCC_WARN_UNUSED_FUNCTION = YES;
				GCC_WARN_UNUSED_VARIABLE = YES;
				MACOSX_DEPLOYMENT_TARGET = 10.11;
				MTL_ENABLE_DEBUG_INFO = YES;
				ONLY_ACTIVE_ARCH = YES;
				SDKROOT = macosx;
				SWIFT_OPTIMIZATION_LEVEL = "-Onone";
			};
			name = Debug;
		};
		F7EE22E71D21D9BF006C6029 /* Release */ = {
			isa = XCBuildConfiguration;
			buildSettings = {
				ALWAYS_SEARCH_USER_PATHS = NO;
				CLANG_ANALYZER_NONNULL = YES;
				CLANG_CXX_LANGUAGE_STANDARD = "gnu++0x";
				CLANG_CXX_LIBRARY = "libc++";
				CLANG_ENABLE_MODULES = YES;
				CLANG_ENABLE_OBJC_ARC = YES;
				CLANG_WARN_BOOL_CONVERSION = YES;
				CLANG_WARN_CONSTANT_CONVERSION = YES;
				CLANG_WARN_DIRECT_OBJC_ISA_USAGE = YES_ERROR;
				CLANG_WARN_EMPTY_BODY = YES;
				CLANG_WARN_ENUM_CONVERSION = YES;
				CLANG_WARN_INT_CONVERSION = YES;
				CLANG_WARN_OBJC_ROOT_CLASS = YES_ERROR;
				CLANG_WARN_UNREACHABLE_CODE = YES;
				CLANG_WARN__DUPLICATE_METHOD_MATCH = YES;
				CODE_SIGN_IDENTITY = "-";
				COPY_PHASE_STRIP = NO;
				DEBUG_INFORMATION_FORMAT = "dwarf-with-dsym";
				ENABLE_NS_ASSERTIONS = NO;
				ENABLE_STRICT_OBJC_MSGSEND = YES;
				GCC_C_LANGUAGE_STANDARD = gnu99;
				GCC_NO_COMMON_BLOCKS = YES;
				GCC_WARN_64_TO_32_BIT_CONVERSION = YES;
				GCC_WARN_ABOUT_RETURN_TYPE = YES_ERROR;
				GCC_WARN_UNDECLARED_SELECTOR = YES;
				GCC_WARN_UNINITIALIZED_AUTOS = YES_AGGRESSIVE;
				GCC_WARN_UNUSED_FUNCTION = YES;
				GCC_WARN_UNUSED_VARIABLE = YES;
				MACOSX_DEPLOYMENT_TARGET = 10.11;
				MTL_ENABLE_DEBUG_INFO = NO;
				SDKROOT = macosx;
			};
			name = Release;
		};
		F7EE22E91D21D9BF006C6029 /* Debug */ = {
			isa = XCBuildConfiguration;
			buildSettings = {
				ASSETCATALOG_COMPILER_APPICON_NAME = AppIcon;
				CLANG_ENABLE_MODULES = YES;
				COMBINE_HIDPI_IMAGES = YES;
				INFOPLIST_FILE = "$(SRCROOT)/TicTacToad-macOS/Info.plist";
				LD_RUNPATH_SEARCH_PATHS = "$(inherited) @executable_path/../Frameworks";
				PRODUCT_BUNDLE_IDENTIFIER = org.andyshep.TicTacToad;
				PRODUCT_NAME = "$(TARGET_NAME)";
				SWIFT_OPTIMIZATION_LEVEL = "-Onone";
			};
			name = Debug;
		};
		F7EE22EA1D21D9BF006C6029 /* Release */ = {
			isa = XCBuildConfiguration;
			buildSettings = {
				ASSETCATALOG_COMPILER_APPICON_NAME = AppIcon;
				CLANG_ENABLE_MODULES = YES;
				COMBINE_HIDPI_IMAGES = YES;
				INFOPLIST_FILE = "$(SRCROOT)/TicTacToad-macOS/Info.plist";
				LD_RUNPATH_SEARCH_PATHS = "$(inherited) @executable_path/../Frameworks";
				PRODUCT_BUNDLE_IDENTIFIER = org.andyshep.TicTacToad;
				PRODUCT_NAME = "$(TARGET_NAME)";
			};
			name = Release;
		};
/* End XCBuildConfiguration section */

/* Begin XCConfigurationList section */
		F786B4F11D21DF18004706BC /* Build configuration list for PBXNativeTarget "TicTacToad-iOS" */ = {
			isa = XCConfigurationList;
			buildConfigurations = (
				F786B4F21D21DF18004706BC /* Debug */,
				F786B4F31D21DF18004706BC /* Release */,
			);
			defaultConfigurationIsVisible = 0;
			defaultConfigurationName = Release;
		};
		F786B5251D224218004706BC /* Build configuration list for PBXNativeTarget "TicTacToad-tvOS" */ = {
			isa = XCConfigurationList;
			buildConfigurations = (
				F786B5261D224218004706BC /* Debug */,
				F786B5271D224218004706BC /* Release */,
			);
			defaultConfigurationIsVisible = 0;
			defaultConfigurationName = Release;
		};
		F7EE22D21D21D9BF006C6029 /* Build configuration list for PBXProject "TicTacToad" */ = {
			isa = XCConfigurationList;
			buildConfigurations = (
				F7EE22E61D21D9BF006C6029 /* Debug */,
				F7EE22E71D21D9BF006C6029 /* Release */,
			);
			defaultConfigurationIsVisible = 0;
			defaultConfigurationName = Release;
		};
		F7EE22E81D21D9BF006C6029 /* Build configuration list for PBXNativeTarget "TicTacToad-macOS" */ = {
			isa = XCConfigurationList;
			buildConfigurations = (
				F7EE22E91D21D9BF006C6029 /* Debug */,
				F7EE22EA1D21D9BF006C6029 /* Release */,
			);
			defaultConfigurationIsVisible = 0;
			defaultConfigurationName = Release;
		};
/* End XCConfigurationList section */
	};
	rootObject = F7EE22CF1D21D9BF006C6029 /* Project object */;
}
